// !$*UTF8*$!
{
	archiveVersion = 1;
	classes = {
	};
	objectVersion = 48;
	objects = {

/* Begin PBXBuildFile section */
		2FB266601FB1F40C001014CA /* AppDelegate.swift in Sources */ = {isa = PBXBuildFile; fileRef = 2FB2665F1FB1F40C001014CA /* AppDelegate.swift */; };
		2FB266621FB1F40C001014CA /* ViewController.swift in Sources */ = {isa = PBXBuildFile; fileRef = 2FB266611FB1F40C001014CA /* ViewController.swift */; };
		2FB266651FB1F40C001014CA /* Main.storyboard in Resources */ = {isa = PBXBuildFile; fileRef = 2FB266631FB1F40C001014CA /* Main.storyboard */; };
		2FB266681FB1F40C001014CA /* SwiftTransitionDemo.xcdatamodeld in Sources */ = {isa = PBXBuildFile; fileRef = 2FB266661FB1F40C001014CA /* SwiftTransitionDemo.xcdatamodeld */; };
		2FB2666A1FB1F40C001014CA /* Assets.xcassets in Resources */ = {isa = PBXBuildFile; fileRef = 2FB266691FB1F40C001014CA /* Assets.xcassets */; };
		2FB2666D1FB1F40C001014CA /* LaunchScreen.storyboard in Resources */ = {isa = PBXBuildFile; fileRef = 2FB2666B1FB1F40C001014CA /* LaunchScreen.storyboard */; };
		2FB266781FB1F40D001014CA /* SwiftTransitionDemoTests.swift in Sources */ = {isa = PBXBuildFile; fileRef = 2FB266771FB1F40D001014CA /* SwiftTransitionDemoTests.swift */; };
		2FB266831FB1F40D001014CA /* SwiftTransitionDemoUITests.swift in Sources */ = {isa = PBXBuildFile; fileRef = 2FB266821FB1F40D001014CA /* SwiftTransitionDemoUITests.swift */; };
		2FB266911FB1F9D9001014CA /* SecondViewController.swift in Sources */ = {isa = PBXBuildFile; fileRef = 2FB266901FB1F9D9001014CA /* SecondViewController.swift */; };
		2FB266951FB1FA60001014CA /* Transition.swift in Sources */ = {isa = PBXBuildFile; fileRef = 2FB266941FB1FA60001014CA /* Transition.swift */; };
		2FB266971FB1FA6A001014CA /* Dismiss.swift in Sources */ = {isa = PBXBuildFile; fileRef = 2FB266961FB1FA6A001014CA /* Dismiss.swift */; };
/* End PBXBuildFile section */

/* Begin PBXContainerItemProxy section */
		2FB266741FB1F40D001014CA /* PBXContainerItemProxy */ = {
			isa = PBXContainerItemProxy;
			containerPortal = 2FB266541FB1F40C001014CA /* Project object */;
			proxyType = 1;
			remoteGlobalIDString = 2FB2665B1FB1F40C001014CA;
			remoteInfo = SwiftTransitionDemo;
		};
		2FB2667F1FB1F40D001014CA /* PBXContainerItemProxy */ = {
			isa = PBXContainerItemProxy;
			containerPortal = 2FB266541FB1F40C001014CA /* Project object */;
			proxyType = 1;
			remoteGlobalIDString = 2FB2665B1FB1F40C001014CA;
			remoteInfo = SwiftTransitionDemo;
		};
/* End PBXContainerItemProxy section */

/* Begin PBXFileReference section */
		2FB2665C1FB1F40C001014CA /* SwiftTransitionDemo.app */ = {isa = PBXFileReference; explicitFileType = wrapper.application; includeInIndex = 0; path = SwiftTransitionDemo.app; sourceTree = BUILT_PRODUCTS_DIR; };
		2FB2665F1FB1F40C001014CA /* AppDelegate.swift */ = {isa = PBXFileReference; lastKnownFileType = sourcecode.swift; path = AppDelegate.swift; sourceTree = "<group>"; };
		2FB266611FB1F40C001014CA /* ViewController.swift */ = {isa = PBXFileReference; lastKnownFileType = sourcecode.swift; path = ViewController.swift; sourceTree = "<group>"; };
		2FB266641FB1F40C001014CA /* Base */ = {isa = PBXFileReference; lastKnownFileType = file.storyboard; name = Base; path = Base.lproj/Main.storyboard; sourceTree = "<group>"; };
		2FB266671FB1F40C001014CA /* SwiftTransitionDemo.xcdatamodel */ = {isa = PBXFileReference; lastKnownFileType = wrapper.xcdatamodel; path = SwiftTransitionDemo.xcdatamodel; sourceTree = "<group>"; };
		2FB266691FB1F40C001014CA /* Assets.xcassets */ = {isa = PBXFileReference; lastKnownFileType = folder.assetcatalog; path = Assets.xcassets; sourceTree = "<group>"; };
		2FB2666C1FB1F40C001014CA /* Base */ = {isa = PBXFileReference; lastKnownFileType = file.storyboard; name = Base; path = Base.lproj/LaunchScreen.storyboard; sourceTree = "<group>"; };
		2FB2666E1FB1F40C001014CA /* Info.plist */ = {isa = PBXFileReference; lastKnownFileType = text.plist.xml; path = Info.plist; sourceTree = "<group>"; };
		2FB266731FB1F40D001014CA /* SwiftTransitionDemoTests.xctest */ = {isa = PBXFileReference; explicitFileType = wrapper.cfbundle; includeInIndex = 0; path = SwiftTransitionDemoTests.xctest; sourceTree = BUILT_PRODUCTS_DIR; };
		2FB266771FB1F40D001014CA /* SwiftTransitionDemoTests.swift */ = {isa = PBXFileReference; lastKnownFileType = sourcecode.swift; path = SwiftTransitionDemoTests.swift; sourceTree = "<group>"; };
		2FB266791FB1F40D001014CA /* Info.plist */ = {isa = PBXFileReference; lastKnownFileType = text.plist.xml; path = Info.plist; sourceTree = "<group>"; };
		2FB2667E1FB1F40D001014CA /* SwiftTransitionDemoUITests.xctest */ = {isa = PBXFileReference; explicitFileType = wrapper.cfbundle; includeInIndex = 0; path = SwiftTransitionDemoUITests.xctest; sourceTree = BUILT_PRODUCTS_DIR; };
		2FB266821FB1F40D001014CA /* SwiftTransitionDemoUITests.swift */ = {isa = PBXFileReference; lastKnownFileType = sourcecode.swift; path = SwiftTransitionDemoUITests.swift; sourceTree = "<group>"; };
		2FB266841FB1F40D001014CA /* Info.plist */ = {isa = PBXFileReference; lastKnownFileType = text.plist.xml; path = Info.plist; sourceTree = "<group>"; };
		2FB266901FB1F9D9001014CA /* SecondViewController.swift */ = {isa = PBXFileReference; lastKnownFileType = sourcecode.swift; path = SecondViewController.swift; sourceTree = "<group>"; };
		2FB266941FB1FA60001014CA /* Transition.swift */ = {isa = PBXFileReference; lastKnownFileType = sourcecode.swift; path = Transition.swift; sourceTree = "<group>"; };
		2FB266961FB1FA6A001014CA /* Dismiss.swift */ = {isa = PBXFileReference; lastKnownFileType = sourcecode.swift; path = Dismiss.swift; sourceTree = "<group>"; };
/* End PBXFileReference section */

/* Begin PBXFrameworksBuildPhase section */
		2FB266591FB1F40C001014CA /* Frameworks */ = {
			isa = PBXFrameworksBuildPhase;
			buildActionMask = 2147483647;
			files = (
			);
			runOnlyForDeploymentPostprocessing = 0;
		};
		2FB266701FB1F40D001014CA /* Frameworks */ = {
			isa = PBXFrameworksBuildPhase;
			buildActionMask = 2147483647;
			files = (
			);
			runOnlyForDeploymentPostprocessing = 0;
		};
		2FB2667B1FB1F40D001014CA /* Frameworks */ = {
			isa = PBXFrameworksBuildPhase;
			buildActionMask = 2147483647;
			files = (
			);
			runOnlyForDeploymentPostprocessing = 0;
		};
/* End PBXFrameworksBuildPhase section */

/* Begin PBXGroup section */
		2FB266531FB1F40C001014CA = {
			isa = PBXGroup;
			children = (
				2FB2665E1FB1F40C001014CA /* SwiftTransitionDemo */,
				2FB266761FB1F40D001014CA /* SwiftTransitionDemoTests */,
				2FB266811FB1F40D001014CA /* SwiftTransitionDemoUITests */,
				2FB2665D1FB1F40C001014CA /* Products */,
			);
			sourceTree = "<group>";
		};
		2FB2665D1FB1F40C001014CA /* Products */ = {
			isa = PBXGroup;
			children = (
				2FB2665C1FB1F40C001014CA /* SwiftTransitionDemo.app */,
				2FB266731FB1F40D001014CA /* SwiftTransitionDemoTests.xctest */,
				2FB2667E1FB1F40D001014CA /* SwiftTransitionDemoUITests.xctest */,
			);
			name = Products;
			sourceTree = "<group>";
		};
		2FB2665E1FB1F40C001014CA /* SwiftTransitionDemo */ = {
			isa = PBXGroup;
			children = (
				2FB2665F1FB1F40C001014CA /* AppDelegate.swift */,
				2FB266611FB1F40C001014CA /* ViewController.swift */,
				2FB266901FB1F9D9001014CA /* SecondViewController.swift */,
				2FB266941FB1FA60001014CA /* Transition.swift */,
				2FB266961FB1FA6A001014CA /* Dismiss.swift */,
				2FB266631FB1F40C001014CA /* Main.storyboard */,
				2FB266691FB1F40C001014CA /* Assets.xcassets */,
				2FB2666B1FB1F40C001014CA /* LaunchScreen.storyboard */,
				2FB2666E1FB1F40C001014CA /* Info.plist */,
				2FB266661FB1F40C001014CA /* SwiftTransitionDemo.xcdatamodeld */,
			);
			path = SwiftTransitionDemo;
			sourceTree = "<group>";
		};
		2FB266761FB1F40D001014CA /* SwiftTransitionDemoTests */ = {
			isa = PBXGroup;
			children = (
				2FB266771FB1F40D001014CA /* SwiftTransitionDemoTests.swift */,
				2FB266791FB1F40D001014CA /* Info.plist */,
			);
			path = SwiftTransitionDemoTests;
			sourceTree = "<group>";
		};
		2FB266811FB1F40D001014CA /* SwiftTransitionDemoUITests */ = {
			isa = PBXGroup;
			children = (
				2FB266821FB1F40D001014CA /* SwiftTransitionDemoUITests.swift */,
				2FB266841FB1F40D001014CA /* Info.plist */,
			);
			path = SwiftTransitionDemoUITests;
			sourceTree = "<group>";
		};
/* End PBXGroup section */

/* Begin PBXNativeTarget section */
		2FB2665B1FB1F40C001014CA /* SwiftTransitionDemo */ = {
			isa = PBXNativeTarget;
			buildConfigurationList = 2FB266871FB1F40D001014CA /* Build configuration list for PBXNativeTarget "SwiftTransitionDemo" */;
			buildPhases = (
				2FB266581FB1F40C001014CA /* Sources */,
				2FB266591FB1F40C001014CA /* Frameworks */,
				2FB2665A1FB1F40C001014CA /* Resources */,
			);
			buildRules = (
			);
			dependencies = (
			);
			name = SwiftTransitionDemo;
			productName = SwiftTransitionDemo;
			productReference = 2FB2665C1FB1F40C001014CA /* SwiftTransitionDemo.app */;
			productType = "com.apple.product-type.application";
		};
		2FB266721FB1F40D001014CA /* SwiftTransitionDemoTests */ = {
			isa = PBXNativeTarget;
			buildConfigurationList = 2FB2668A1FB1F40D001014CA /* Build configuration list for PBXNativeTarget "SwiftTransitionDemoTests" */;
			buildPhases = (
				2FB2666F1FB1F40D001014CA /* Sources */,
				2FB266701FB1F40D001014CA /* Frameworks */,
				2FB266711FB1F40D001014CA /* Resources */,
			);
			buildRules = (
			);
			dependencies = (
				2FB266751FB1F40D001014CA /* PBXTargetDependency */,
			);
			name = SwiftTransitionDemoTests;
			productName = SwiftTransitionDemoTests;
			productReference = 2FB266731FB1F40D001014CA /* SwiftTransitionDemoTests.xctest */;
			productType = "com.apple.product-type.bundle.unit-test";
		};
		2FB2667D1FB1F40D001014CA /* SwiftTransitionDemoUITests */ = {
			isa = PBXNativeTarget;
			buildConfigurationList = 2FB2668D1FB1F40D001014CA /* Build configuration list for PBXNativeTarget "SwiftTransitionDemoUITests" */;
			buildPhases = (
				2FB2667A1FB1F40D001014CA /* Sources */,
				2FB2667B1FB1F40D001014CA /* Frameworks */,
				2FB2667C1FB1F40D001014CA /* Resources */,
			);
			buildRules = (
			);
			dependencies = (
				2FB266801FB1F40D001014CA /* PBXTargetDependency */,
			);
			name = SwiftTransitionDemoUITests;
			productName = SwiftTransitionDemoUITests;
			productReference = 2FB2667E1FB1F40D001014CA /* SwiftTransitionDemoUITests.xctest */;
			productType = "com.apple.product-type.bundle.ui-testing";
		};
/* End PBXNativeTarget section */

/* Begin PBXProject section */
		2FB266541FB1F40C001014CA /* Project object */ = {
			isa = PBXProject;
			attributes = {
				LastSwiftUpdateCheck = 0910;
				LastUpgradeCheck = 0910;
				ORGANIZATIONNAME = "高鑫";
				TargetAttributes = {
					2FB2665B1FB1F40C001014CA = {
						CreatedOnToolsVersion = 9.1;
						ProvisioningStyle = Automatic;
					};
					2FB266721FB1F40D001014CA = {
						CreatedOnToolsVersion = 9.1;
						ProvisioningStyle = Automatic;
						TestTargetID = 2FB2665B1FB1F40C001014CA;
					};
					2FB2667D1FB1F40D001014CA = {
						CreatedOnToolsVersion = 9.1;
						ProvisioningStyle = Automatic;
						TestTargetID = 2FB2665B1FB1F40C001014CA;
					};
				};
			};
			buildConfigurationList = 2FB266571FB1F40C001014CA /* Build configuration list for PBXProject "SwiftTransitionDemo" */;
			compatibilityVersion = "Xcode 8.0";
			developmentRegion = en;
			hasScannedForEncodings = 0;
			knownRegions = (
				en,
				Base,
			);
			mainGroup = 2FB266531FB1F40C001014CA;
			productRefGroup = 2FB2665D1FB1F40C001014CA /* Products */;
			projectDirPath = "";
			projectRoot = "";
			targets = (
				2FB2665B1FB1F40C001014CA /* SwiftTransitionDemo */,
				2FB266721FB1F40D001014CA /* SwiftTransitionDemoTests */,
				2FB2667D1FB1F40D001014CA /* SwiftTransitionDemoUITests */,
			);
		};
/* End PBXProject section */

/* Begin PBXResourcesBuildPhase section */
		2FB2665A1FB1F40C001014CA /* Resources */ = {
			isa = PBXResourcesBuildPhase;
			buildActionMask = 2147483647;
			files = (
				2FB2666D1FB1F40C001014CA /* LaunchScreen.storyboard in Resources */,
				2FB2666A1FB1F40C001014CA /* Assets.xcassets in Resources */,
				2FB266651FB1F40C001014CA /* Main.storyboard in Resources */,
			);
			runOnlyForDeploymentPostprocessing = 0;
		};
		2FB266711FB1F40D001014CA /* Resources */ = {
			isa = PBXResourcesBuildPhase;
			buildActionMask = 2147483647;
			files = (
			);
			runOnlyForDeploymentPostprocessing = 0;
		};
		2FB2667C1FB1F40D001014CA /* Resources */ = {
			isa = PBXResourcesBuildPhase;
			buildActionMask = 2147483647;
			files = (
			);
			runOnlyForDeploymentPostprocessing = 0;
		};
/* End PBXResourcesBuildPhase section */

/* Begin PBXSourcesBuildPhase section */
		2FB266581FB1F40C001014CA /* Sources */ = {
			isa = PBXSourcesBuildPhase;
			buildActionMask = 2147483647;
			files = (
				2FB266971FB1FA6A001014CA /* Dismiss.swift in Sources */,
				2FB266951FB1FA60001014CA /* Transition.swift in Sources */,
				2FB266911FB1F9D9001014CA /* SecondViewController.swift in Sources */,
				2FB266681FB1F40C001014CA /* SwiftTransitionDemo.xcdatamodeld in Sources */,
				2FB266621FB1F40C001014CA /* ViewController.swift in Sources */,
				2FB266601FB1F40C001014CA /* AppDelegate.swift in Sources */,
			);
			runOnlyForDeploymentPostprocessing = 0;
		};
		2FB2666F1FB1F40D001014CA /* Sources */ = {
			isa = PBXSourcesBuildPhase;
			buildActionMask = 2147483647;
			files = (
				2FB266781FB1F40D001014CA /* SwiftTransitionDemoTests.swift in Sources */,
			);
			runOnlyForDeploymentPostprocessing = 0;
		};
		2FB2667A1FB1F40D001014CA /* Sources */ = {
			isa = PBXSourcesBuildPhase;
			buildActionMask = 2147483647;
			files = (
				2FB266831FB1F40D001014CA /* SwiftTransitionDemoUITests.swift in Sources */,
			);
			runOnlyForDeploymentPostprocessing = 0;
		};
/* End PBXSourcesBuildPhase section */

/* Begin PBXTargetDependency section */
		2FB266751FB1F40D001014CA /* PBXTargetDependency */ = {
			isa = PBXTargetDependency;
			target = 2FB2665B1FB1F40C001014CA /* SwiftTransitionDemo */;
			targetProxy = 2FB266741FB1F40D001014CA /* PBXContainerItemProxy */;
		};
		2FB266801FB1F40D001014CA /* PBXTargetDependency */ = {
			isa = PBXTargetDependency;
			target = 2FB2665B1FB1F40C001014CA /* SwiftTransitionDemo */;
			targetProxy = 2FB2667F1FB1F40D001014CA /* PBXContainerItemProxy */;
		};
/* End PBXTargetDependency section */

/* Begin PBXVariantGroup section */
		2FB266631FB1F40C001014CA /* Main.storyboard */ = {
			isa = PBXVariantGroup;
			children = (
				2FB266641FB1F40C001014CA /* Base */,
			);
			name = Main.storyboard;
			sourceTree = "<group>";
		};
		2FB2666B1FB1F40C001014CA /* LaunchScreen.storyboard */ = {
			isa = PBXVariantGroup;
			children = (
				2FB2666C1FB1F40C001014CA /* Base */,
			);
			name = LaunchScreen.storyboard;
			sourceTree = "<group>";
		};
/* End PBXVariantGroup section */

/* Begin XCBuildConfiguration section */
		2FB266851FB1F40D001014CA /* Debug */ = {
			isa = XCBuildConfiguration;
			buildSettings = {
				ALWAYS_SEARCH_USER_PATHS = NO;
				CLANG_ANALYZER_NONNULL = YES;
				CLANG_ANALYZER_NUMBER_OBJECT_CONVERSION = YES_AGGRESSIVE;
				CLANG_CXX_LANGUAGE_STANDARD = "gnu++14";
				CLANG_CXX_LIBRARY = "libc++";
				CLANG_ENABLE_MODULES = YES;
				CLANG_ENABLE_OBJC_ARC = YES;
				CLANG_WARN_BLOCK_CAPTURE_AUTORELEASING = YES;
				CLANG_WARN_BOOL_CONVERSION = YES;
				CLANG_WARN_COMMA = YES;
				CLANG_WARN_CONSTANT_CONVERSION = YES;
				CLANG_WARN_DIRECT_OBJC_ISA_USAGE = YES_ERROR;
				CLANG_WARN_DOCUMENTATION_COMMENTS = YES;
				CLANG_WARN_EMPTY_BODY = YES;
				CLANG_WARN_ENUM_CONVERSION = YES;
				CLANG_WARN_INFINITE_RECURSION = YES;
				CLANG_WARN_INT_CONVERSION = YES;
				CLANG_WARN_NON_LITERAL_NULL_CONVERSION = YES;
				CLANG_WARN_OBJC_LITERAL_CONVERSION = YES;
				CLANG_WARN_OBJC_ROOT_CLASS = YES_ERROR;
				CLANG_WARN_RANGE_LOOP_ANALYSIS = YES;
				CLANG_WARN_STRICT_PROTOTYPES = YES;
				CLANG_WARN_SUSPICIOUS_MOVE = YES;
				CLANG_WARN_UNGUARDED_AVAILABILITY = YES_AGGRESSIVE;
				CLANG_WARN_UNREACHABLE_CODE = YES;
				CLANG_WARN__DUPLICATE_METHOD_MATCH = YES;
				CODE_SIGN_IDENTITY = "iPhone Developer";
				COPY_PHASE_STRIP = NO;
				DEBUG_INFORMATION_FORMAT = dwarf;
				ENABLE_STRICT_OBJC_MSGSEND = YES;
				ENABLE_TESTABILITY = YES;
				GCC_C_LANGUAGE_STANDARD = gnu11;
				GCC_DYNAMIC_NO_PIC = NO;
				GCC_NO_COMMON_BLOCKS = YES;
				GCC_OPTIMIZATION_LEVEL = 0;
				GCC_PREPROCESSOR_DEFINITIONS = (
					"DEBUG=1",
					"$(inherited)",
				);
				GCC_WARN_64_TO_32_BIT_CONVERSION = YES;
				GCC_WARN_ABOUT_RETURN_TYPE = YES_ERROR;
				GCC_WARN_UNDECLARED_SELECTOR = YES;
				GCC_WARN_UNINITIALIZED_AUTOS = YES_AGGRESSIVE;
				GCC_WARN_UNUSED_FUNCTION = YES;
				GCC_WARN_UNUSED_VARIABLE = YES;
				IPHONEOS_DEPLOYMENT_TARGET = 11.1;
				MTL_ENABLE_DEBUG_INFO = YES;
				ONLY_ACTIVE_ARCH = YES;
				SDKROOT = iphoneos;
				SWIFT_ACTIVE_COMPILATION_CONDITIONS = DEBUG;
				SWIFT_OPTIMIZATION_LEVEL = "-Onone";
			};
			name = Debug;
		};
		2FB266861FB1F40D001014CA /* Release */ = {
			isa = XCBuildConfiguration;
			buildSettings = {
				ALWAYS_SEARCH_USER_PATHS = NO;
				CLANG_ANALYZER_NONNULL = YES;
				CLANG_ANALYZER_NUMBER_OBJECT_CONVERSION = YES_AGGRESSIVE;
				CLANG_CXX_LANGUAGE_STANDARD = "gnu++14";
				CLANG_CXX_LIBRARY = "libc++";
				CLANG_ENABLE_MODULES = YES;
				CLANG_ENABLE_OBJC_ARC = YES;
				CLANG_WARN_BLOCK_CAPTURE_AUTORELEASING = YES;
				CLANG_WARN_BOOL_CONVERSION = YES;
				CLANG_WARN_COMMA = YES;
				CLANG_WARN_CONSTANT_CONVERSION = YES;
				CLANG_WARN_DIRECT_OBJC_ISA_USAGE = YES_ERROR;
				CLANG_WARN_DOCUMENTATION_COMMENTS = YES;
				CLANG_WARN_EMPTY_BODY = YES;
				CLANG_WARN_ENUM_CONVERSION = YES;
				CLANG_WARN_INFINITE_RECURSION = YES;
				CLANG_WARN_INT_CONVERSION = YES;
				CLANG_WARN_NON_LITERAL_NULL_CONVERSION = YES;
				CLANG_WARN_OBJC_LITERAL_CONVERSION = YES;
				CLANG_WARN_OBJC_ROOT_CLASS = YES_ERROR;
				CLANG_WARN_RANGE_LOOP_ANALYSIS = YES;
				CLANG_WARN_STRICT_PROTOTYPES = YES;
				CLANG_WARN_SUSPICIOUS_MOVE = YES;
				CLANG_WARN_UNGUARDED_AVAILABILITY = YES_AGGRESSIVE;
				CLANG_WARN_UNREACHABLE_CODE = YES;
				CLANG_WARN__DUPLICATE_METHOD_MATCH = YES;
				CODE_SIGN_IDENTITY = "iPhone Developer";
				COPY_PHASE_STRIP = NO;
				DEBUG_INFORMATION_FORMAT = "dwarf-with-dsym";
				ENABLE_NS_ASSERTIONS = NO;
				ENABLE_STRICT_OBJC_MSGSEND = YES;
				GCC_C_LANGUAGE_STANDARD = gnu11;
				GCC_NO_COMMON_BLOCKS = YES;
				GCC_WARN_64_TO_32_BIT_CONVERSION = YES;
				GCC_WARN_ABOUT_RETURN_TYPE = YES_ERROR;
				GCC_WARN_UNDECLARED_SELECTOR = YES;
				GCC_WARN_UNINITIALIZED_AUTOS = YES_AGGRESSIVE;
				GCC_WARN_UNUSED_FUNCTION = YES;
				GCC_WARN_UNUSED_VARIABLE = YES;
				IPHONEOS_DEPLOYMENT_TARGET = 11.1;
				MTL_ENABLE_DEBUG_INFO = NO;
				SDKROOT = iphoneos;
				SWIFT_OPTIMIZATION_LEVEL = "-Owholemodule";
				VALIDATE_PRODUCT = YES;
			};
			name = Release;
		};
		2FB266881FB1F40D001014CA /* Debug */ = {
			isa = XCBuildConfiguration;
			buildSettings = {
				ASSETCATALOG_COMPILER_APPICON_NAME = AppIcon;
				CODE_SIGN_STYLE = Automatic;
				DEVELOPMENT_TEAM = NU44639NV3;
				INFOPLIST_FILE = SwiftTransitionDemo/Info.plist;
				LD_RUNPATH_SEARCH_PATHS = "$(inherited) @executable_path/Frameworks";
				PRODUCT_BUNDLE_IDENTIFIER = com.LicaGao.SwiftTransitionDemo;
				PRODUCT_NAME = "$(TARGET_NAME)";
				SWIFT_VERSION = 4.0;
				TARGETED_DEVICE_FAMILY = "1,2";
			};
			name = Debug;
		};
		2FB266891FB1F40D001014CA /* Release */ = {
			isa = XCBuildConfiguration;
			buildSettings = {
				ASSETCATALOG_COMPILER_APPICON_NAME = AppIcon;
				CODE_SIGN_STYLE = Automatic;
				DEVELOPMENT_TEAM = NU44639NV3;
				INFOPLIST_FILE = SwiftTransitionDemo/Info.plist;
				LD_RUNPATH_SEARCH_PATHS = "$(inherited) @executable_path/Frameworks";
				PRODUCT_BUNDLE_IDENTIFIER = com.LicaGao.SwiftTransitionDemo;
				PRODUCT_NAME = "$(TARGET_NAME)";
				SWIFT_VERSION = 4.0;
				TARGETED_DEVICE_FAMILY = "1,2";
			};
			name = Release;
		};
		2FB2668B1FB1F40D001014CA /* Debug */ = {
			isa = XCBuildConfiguration;
			buildSettings = {
				ALWAYS_EMBED_SWIFT_STANDARD_LIBRARIES = YES;
				BUNDLE_LOADER = "$(TEST_HOST)";
				CODE_SIGN_STYLE = Automatic;
				DEVELOPMENT_TEAM = NU44639NV3;
				INFOPLIST_FILE = SwiftTransitionDemoTests/Info.plist;
				LD_RUNPATH_SEARCH_PATHS = "$(inherited) @executable_path/Frameworks @loader_path/Frameworks";
				PRODUCT_BUNDLE_IDENTIFIER = com.LicaGao.SwiftTransitionDemoTests;
				PRODUCT_NAME = "$(TARGET_NAME)";
				SWIFT_VERSION = 4.0;
				TARGETED_DEVICE_FAMILY = "1,2";
				TEST_HOST = "$(BUILT_PRODUCTS_DIR)/SwiftTransitionDemo.app/SwiftTransitionDemo";
			};
			name = Debug;
		};
		2FB2668C1FB1F40D001014CA /* Release */ = {
			isa = XCBuildConfiguration;
			buildSettings = {
				ALWAYS_EMBED_SWIFT_STANDARD_LIBRARIES = YES;
				BUNDLE_LOADER = "$(TEST_HOST)";
				CODE_SIGN_STYLE = Automatic;
				DEVELOPMENT_TEAM = NU44639NV3;
				INFOPLIST_FILE = SwiftTransitionDemoTests/Info.plist;
				LD_RUNPATH_SEARCH_PATHS = "$(inherited) @executable_path/Frameworks @loader_path/Frameworks";
				PRODUCT_BUNDLE_IDENTIFIER = com.LicaGao.SwiftTransitionDemoTests;
				PRODUCT_NAME = "$(TARGET_NAME)";
				SWIFT_VERSION = 4.0;
				TARGETED_DEVICE_FAMILY = "1,2";
				TEST_HOST = "$(BUILT_PRODUCTS_DIR)/SwiftTransitionDemo.app/SwiftTransitionDemo";
			};
			name = Release;
		};
		2FB2668E1FB1F40D001014CA /* Debug */ = {
			isa = XCBuildConfiguration;
			buildSettings = {
				ALWAYS_EMBED_SWIFT_STANDARD_LIBRARIES = YES;
				CODE_SIGN_STYLE = Automatic;
				DEVELOPMENT_TEAM = NU44639NV3;
				INFOPLIST_FILE = SwiftTransitionDemoUITests/Info.plist;
				LD_RUNPATH_SEARCH_PATHS = "$(inherited) @executable_path/Frameworks @loader_path/Frameworks";
				PRODUCT_BUNDLE_IDENTIFIER = com.LicaGao.SwiftTransitionDemoUITests;
				PRODUCT_NAME = "$(TARGET_NAME)";
				SWIFT_VERSION = 4.0;
				TARGETED_DEVICE_FAMILY = "1,2";
				TEST_TARGET_NAME = SwiftTransitionDemo;
			};
			name = Debug;
		};
		2FB2668F1FB1F40D001014CA /* Release */ = {
			isa = XCBuildConfiguration;
			buildSettings = {
				ALWAYS_EMBED_SWIFT_STANDARD_LIBRARIES = YES;
				CODE_SIGN_STYLE = Automatic;
				DEVELOPMENT_TEAM = NU44639NV3;
				INFOPLIST_FILE = SwiftTransitionDemoUITests/Info.plist;
				LD_RUNPATH_SEARCH_PATHS = "$(inherited) @executable_path/Frameworks @loader_path/Frameworks";
				PRODUCT_BUNDLE_IDENTIFIER = com.LicaGao.SwiftTransitionDemoUITests;
				PRODUCT_NAME = "$(TARGET_NAME)";
				SWIFT_VERSION = 4.0;
				TARGETED_DEVICE_FAMILY = "1,2";
				TEST_TARGET_NAME = SwiftTransitionDemo;
			};
			name = Release;
		};
/* End XCBuildConfiguration section */

/* Begin XCConfigurationList section */
		2FB266571FB1F40C001014CA /* Build configuration list for PBXProject "SwiftTransitionDemo" */ = {
			isa = XCConfigurationList;
			buildConfigurations = (
				2FB266851FB1F40D001014CA /* Debug */,
				2FB266861FB1F40D001014CA /* Release */,
			);
			defaultConfigurationIsVisible = 0;
			defaultConfigurationName = Release;
		};
		2FB266871FB1F40D001014CA /* Build configuration list for PBXNativeTarget "SwiftTransitionDemo" */ = {
			isa = XCConfigurationList;
			buildConfigurations = (
				2FB266881FB1F40D001014CA /* Debug */,
				2FB266891FB1F40D001014CA /* Release */,
			);
			defaultConfigurationIsVisible = 0;
			defaultConfigurationName = Release;
		};
		2FB2668A1FB1F40D001014CA /* Build configuration list for PBXNativeTarget "SwiftTransitionDemoTests" */ = {
			isa = XCConfigurationList;
			buildConfigurations = (
				2FB2668B1FB1F40D001014CA /* Debug */,
				2FB2668C1FB1F40D001014CA /* Release */,
			);
			defaultConfigurationIsVisible = 0;
			defaultConfigurationName = Release;
		};
		2FB2668D1FB1F40D001014CA /* Build configuration list for PBXNativeTarget "SwiftTransitionDemoUITests" */ = {
			isa = XCConfigurationList;
			buildConfigurations = (
				2FB2668E1FB1F40D001014CA /* Debug */,
				2FB2668F1FB1F40D001014CA /* Release */,
			);
			defaultConfigurationIsVisible = 0;
			defaultConfigurationName = Release;
		};
/* End XCConfigurationList section */

/* Begin XCVersionGroup section */
		2FB266661FB1F40C001014CA /* SwiftTransitionDemo.xcdatamodeld */ = {
			isa = XCVersionGroup;
			children = (
				2FB266671FB1F40C001014CA /* SwiftTransitionDemo.xcdatamodel */,
			);
			currentVersion = 2FB266671FB1F40C001014CA /* SwiftTransitionDemo.xcdatamodel */;
			path = SwiftTransitionDemo.xcdatamodeld;
			sourceTree = "<group>";
			versionGroupType = wrapper.xcdatamodel;
		};
/* End XCVersionGroup section */
	};
	rootObject = 2FB266541FB1F40C001014CA /* Project object */;
}
