// !$*UTF8*$!
{
	archiveVersion = 1;
	classes = {
	};
	objectVersion = 48;
	objects = {

/* Begin PBXBuildFile section */
		2F02FF2E1FCA9C6500B037D8 /* AppDelegate.swift in Sources */ = {isa = PBXBuildFile; fileRef = 2F02FF2D1FCA9C6500B037D8 /* AppDelegate.swift */; };
		2F02FF301FCA9C6500B037D8 /* ViewController.swift in Sources */ = {isa = PBXBuildFile; fileRef = 2F02FF2F1FCA9C6500B037D8 /* ViewController.swift */; };
		2F02FF331FCA9C6500B037D8 /* Main.storyboard in Resources */ = {isa = PBXBuildFile; fileRef = 2F02FF311FCA9C6500B037D8 /* Main.storyboard */; };
		2F02FF351FCA9C6500B037D8 /* Assets.xcassets in Resources */ = {isa = PBXBuildFile; fileRef = 2F02FF341FCA9C6500B037D8 /* Assets.xcassets */; };
		2F02FF381FCA9C6500B037D8 /* LaunchScreen.storyboard in Resources */ = {isa = PBXBuildFile; fileRef = 2F02FF361FCA9C6500B037D8 /* LaunchScreen.storyboard */; };
		2F02FF431FCA9C6500B037D8 /* SwiftPageDemoTests.swift in Sources */ = {isa = PBXBuildFile; fileRef = 2F02FF421FCA9C6500B037D8 /* SwiftPageDemoTests.swift */; };
		2F02FF4E1FCA9C6500B037D8 /* SwiftPageDemoUITests.swift in Sources */ = {isa = PBXBuildFile; fileRef = 2F02FF4D1FCA9C6500B037D8 /* SwiftPageDemoUITests.swift */; };
		2F02FF5C1FCAA21100B037D8 /* WebViewController.swift in Sources */ = {isa = PBXBuildFile; fileRef = 2F02FF5B1FCAA21100B037D8 /* WebViewController.swift */; };
		2F02FF5E1FCAA5EE00B037D8 /* PageViewController.swift in Sources */ = {isa = PBXBuildFile; fileRef = 2F02FF5D1FCAA5EE00B037D8 /* PageViewController.swift */; };
/* End PBXBuildFile section */

/* Begin PBXContainerItemProxy section */
		2F02FF3F1FCA9C6500B037D8 /* PBXContainerItemProxy */ = {
			isa = PBXContainerItemProxy;
			containerPortal = 2F02FF221FCA9C6500B037D8 /* Project object */;
			proxyType = 1;
			remoteGlobalIDString = 2F02FF291FCA9C6500B037D8;
			remoteInfo = SwiftPageDemo;
		};
		2F02FF4A1FCA9C6500B037D8 /* PBXContainerItemProxy */ = {
			isa = PBXContainerItemProxy;
			containerPortal = 2F02FF221FCA9C6500B037D8 /* Project object */;
			proxyType = 1;
			remoteGlobalIDString = 2F02FF291FCA9C6500B037D8;
			remoteInfo = SwiftPageDemo;
		};
/* End PBXContainerItemProxy section */

/* Begin PBXFileReference section */
		2F02FF2A1FCA9C6500B037D8 /* SwiftPageDemo.app */ = {isa = PBXFileReference; explicitFileType = wrapper.application; includeInIndex = 0; path = SwiftPageDemo.app; sourceTree = BUILT_PRODUCTS_DIR; };
		2F02FF2D1FCA9C6500B037D8 /* AppDelegate.swift */ = {isa = PBXFileReference; lastKnownFileType = sourcecode.swift; path = AppDelegate.swift; sourceTree = "<group>"; };
		2F02FF2F1FCA9C6500B037D8 /* ViewController.swift */ = {isa = PBXFileReference; lastKnownFileType = sourcecode.swift; path = ViewController.swift; sourceTree = "<group>"; };
		2F02FF321FCA9C6500B037D8 /* Base */ = {isa = PBXFileReference; lastKnownFileType = file.storyboard; name = Base; path = Base.lproj/Main.storyboard; sourceTree = "<group>"; };
		2F02FF341FCA9C6500B037D8 /* Assets.xcassets */ = {isa = PBXFileReference; lastKnownFileType = folder.assetcatalog; path = Assets.xcassets; sourceTree = "<group>"; };
		2F02FF371FCA9C6500B037D8 /* Base */ = {isa = PBXFileReference; lastKnownFileType = file.storyboard; name = Base; path = Base.lproj/LaunchScreen.storyboard; sourceTree = "<group>"; };
		2F02FF391FCA9C6500B037D8 /* Info.plist */ = {isa = PBXFileReference; lastKnownFileType = text.plist.xml; path = Info.plist; sourceTree = "<group>"; };
		2F02FF3E1FCA9C6500B037D8 /* SwiftPageDemoTests.xctest */ = {isa = PBXFileReference; explicitFileType = wrapper.cfbundle; includeInIndex = 0; path = SwiftPageDemoTests.xctest; sourceTree = BUILT_PRODUCTS_DIR; };
		2F02FF421FCA9C6500B037D8 /* SwiftPageDemoTests.swift */ = {isa = PBXFileReference; lastKnownFileType = sourcecode.swift; path = SwiftPageDemoTests.swift; sourceTree = "<group>"; };
		2F02FF441FCA9C6500B037D8 /* Info.plist */ = {isa = PBXFileReference; lastKnownFileType = text.plist.xml; path = Info.plist; sourceTree = "<group>"; };
		2F02FF491FCA9C6500B037D8 /* SwiftPageDemoUITests.xctest */ = {isa = PBXFileReference; explicitFileType = wrapper.cfbundle; includeInIndex = 0; path = SwiftPageDemoUITests.xctest; sourceTree = BUILT_PRODUCTS_DIR; };
		2F02FF4D1FCA9C6500B037D8 /* SwiftPageDemoUITests.swift */ = {isa = PBXFileReference; lastKnownFileType = sourcecode.swift; path = SwiftPageDemoUITests.swift; sourceTree = "<group>"; };
		2F02FF4F1FCA9C6500B037D8 /* Info.plist */ = {isa = PBXFileReference; lastKnownFileType = text.plist.xml; path = Info.plist; sourceTree = "<group>"; };
		2F02FF5B1FCAA21100B037D8 /* WebViewController.swift */ = {isa = PBXFileReference; lastKnownFileType = sourcecode.swift; path = WebViewController.swift; sourceTree = "<group>"; };
		2F02FF5D1FCAA5EE00B037D8 /* PageViewController.swift */ = {isa = PBXFileReference; lastKnownFileType = sourcecode.swift; path = PageViewController.swift; sourceTree = "<group>"; };
/* End PBXFileReference section */

/* Begin PBXFrameworksBuildPhase section */
		2F02FF271FCA9C6500B037D8 /* Frameworks */ = {
			isa = PBXFrameworksBuildPhase;
			buildActionMask = 2147483647;
			files = (
			);
			runOnlyForDeploymentPostprocessing = 0;
		};
		2F02FF3B1FCA9C6500B037D8 /* Frameworks */ = {
			isa = PBXFrameworksBuildPhase;
			buildActionMask = 2147483647;
			files = (
			);
			runOnlyForDeploymentPostprocessing = 0;
		};
		2F02FF461FCA9C6500B037D8 /* Frameworks */ = {
			isa = PBXFrameworksBuildPhase;
			buildActionMask = 2147483647;
			files = (
			);
			runOnlyForDeploymentPostprocessing = 0;
		};
/* End PBXFrameworksBuildPhase section */

/* Begin PBXGroup section */
		2F02FF211FCA9C6500B037D8 = {
			isa = PBXGroup;
			children = (
				2F02FF2C1FCA9C6500B037D8 /* SwiftPageDemo */,
				2F02FF411FCA9C6500B037D8 /* SwiftPageDemoTests */,
				2F02FF4C1FCA9C6500B037D8 /* SwiftPageDemoUITests */,
				2F02FF2B1FCA9C6500B037D8 /* Products */,
			);
			sourceTree = "<group>";
		};
		2F02FF2B1FCA9C6500B037D8 /* Products */ = {
			isa = PBXGroup;
			children = (
				2F02FF2A1FCA9C6500B037D8 /* SwiftPageDemo.app */,
				2F02FF3E1FCA9C6500B037D8 /* SwiftPageDemoTests.xctest */,
				2F02FF491FCA9C6500B037D8 /* SwiftPageDemoUITests.xctest */,
			);
			name = Products;
			sourceTree = "<group>";
		};
		2F02FF2C1FCA9C6500B037D8 /* SwiftPageDemo */ = {
			isa = PBXGroup;
			children = (
				2F02FF2D1FCA9C6500B037D8 /* AppDelegate.swift */,
				2F02FF2F1FCA9C6500B037D8 /* ViewController.swift */,
				2F02FF5D1FCAA5EE00B037D8 /* PageViewController.swift */,
				2F02FF5B1FCAA21100B037D8 /* WebViewController.swift */,
				2F02FF311FCA9C6500B037D8 /* Main.storyboard */,
				2F02FF341FCA9C6500B037D8 /* Assets.xcassets */,
				2F02FF361FCA9C6500B037D8 /* LaunchScreen.storyboard */,
				2F02FF391FCA9C6500B037D8 /* Info.plist */,
			);
			path = SwiftPageDemo;
			sourceTree = "<group>";
		};
		2F02FF411FCA9C6500B037D8 /* SwiftPageDemoTests */ = {
			isa = PBXGroup;
			children = (
				2F02FF421FCA9C6500B037D8 /* SwiftPageDemoTests.swift */,
				2F02FF441FCA9C6500B037D8 /* Info.plist */,
			);
			path = SwiftPageDemoTests;
			sourceTree = "<group>";
		};
		2F02FF4C1FCA9C6500B037D8 /* SwiftPageDemoUITests */ = {
			isa = PBXGroup;
			children = (
				2F02FF4D1FCA9C6500B037D8 /* SwiftPageDemoUITests.swift */,
				2F02FF4F1FCA9C6500B037D8 /* Info.plist */,
			);
			path = SwiftPageDemoUITests;
			sourceTree = "<group>";
		};
/* End PBXGroup section */

/* Begin PBXNativeTarget section */
		2F02FF291FCA9C6500B037D8 /* SwiftPageDemo */ = {
			isa = PBXNativeTarget;
			buildConfigurationList = 2F02FF521FCA9C6500B037D8 /* Build configuration list for PBXNativeTarget "SwiftPageDemo" */;
			buildPhases = (
				2F02FF261FCA9C6500B037D8 /* Sources */,
				2F02FF271FCA9C6500B037D8 /* Frameworks */,
				2F02FF281FCA9C6500B037D8 /* Resources */,
			);
			buildRules = (
			);
			dependencies = (
			);
			name = SwiftPageDemo;
			productName = SwiftPageDemo;
			productReference = 2F02FF2A1FCA9C6500B037D8 /* SwiftPageDemo.app */;
			productType = "com.apple.product-type.application";
		};
		2F02FF3D1FCA9C6500B037D8 /* SwiftPageDemoTests */ = {
			isa = PBXNativeTarget;
			buildConfigurationList = 2F02FF551FCA9C6500B037D8 /* Build configuration list for PBXNativeTarget "SwiftPageDemoTests" */;
			buildPhases = (
				2F02FF3A1FCA9C6500B037D8 /* Sources */,
				2F02FF3B1FCA9C6500B037D8 /* Frameworks */,
				2F02FF3C1FCA9C6500B037D8 /* Resources */,
			);
			buildRules = (
			);
			dependencies = (
				2F02FF401FCA9C6500B037D8 /* PBXTargetDependency */,
			);
			name = SwiftPageDemoTests;
			productName = SwiftPageDemoTests;
			productReference = 2F02FF3E1FCA9C6500B037D8 /* SwiftPageDemoTests.xctest */;
			productType = "com.apple.product-type.bundle.unit-test";
		};
		2F02FF481FCA9C6500B037D8 /* SwiftPageDemoUITests */ = {
			isa = PBXNativeTarget;
			buildConfigurationList = 2F02FF581FCA9C6500B037D8 /* Build configuration list for PBXNativeTarget "SwiftPageDemoUITests" */;
			buildPhases = (
				2F02FF451FCA9C6500B037D8 /* Sources */,
				2F02FF461FCA9C6500B037D8 /* Frameworks */,
				2F02FF471FCA9C6500B037D8 /* Resources */,
			);
			buildRules = (
			);
			dependencies = (
				2F02FF4B1FCA9C6500B037D8 /* PBXTargetDependency */,
			);
			name = SwiftPageDemoUITests;
			productName = SwiftPageDemoUITests;
			productReference = 2F02FF491FCA9C6500B037D8 /* SwiftPageDemoUITests.xctest */;
			productType = "com.apple.product-type.bundle.ui-testing";
		};
/* End PBXNativeTarget section */

/* Begin PBXProject section */
		2F02FF221FCA9C6500B037D8 /* Project object */ = {
			isa = PBXProject;
			attributes = {
				LastSwiftUpdateCheck = 0910;
				LastUpgradeCheck = 0910;
				ORGANIZATIONNAME = "高鑫";
				TargetAttributes = {
					2F02FF291FCA9C6500B037D8 = {
						CreatedOnToolsVersion = 9.1;
						ProvisioningStyle = Automatic;
					};
					2F02FF3D1FCA9C6500B037D8 = {
						CreatedOnToolsVersion = 9.1;
						ProvisioningStyle = Automatic;
						TestTargetID = 2F02FF291FCA9C6500B037D8;
					};
					2F02FF481FCA9C6500B037D8 = {
						CreatedOnToolsVersion = 9.1;
						ProvisioningStyle = Automatic;
						TestTargetID = 2F02FF291FCA9C6500B037D8;
					};
				};
			};
			buildConfigurationList = 2F02FF251FCA9C6500B037D8 /* Build configuration list for PBXProject "SwiftPageDemo" */;
			compatibilityVersion = "Xcode 8.0";
			developmentRegion = en;
			hasScannedForEncodings = 0;
			knownRegions = (
				en,
				Base,
			);
			mainGroup = 2F02FF211FCA9C6500B037D8;
			productRefGroup = 2F02FF2B1FCA9C6500B037D8 /* Products */;
			projectDirPath = "";
			projectRoot = "";
			targets = (
				2F02FF291FCA9C6500B037D8 /* SwiftPageDemo */,
				2F02FF3D1FCA9C6500B037D8 /* SwiftPageDemoTests */,
				2F02FF481FCA9C6500B037D8 /* SwiftPageDemoUITests */,
			);
		};
/* End PBXProject section */

/* Begin PBXResourcesBuildPhase section */
		2F02FF281FCA9C6500B037D8 /* Resources */ = {
			isa = PBXResourcesBuildPhase;
			buildActionMask = 2147483647;
			files = (
				2F02FF381FCA9C6500B037D8 /* LaunchScreen.storyboard in Resources */,
				2F02FF351FCA9C6500B037D8 /* Assets.xcassets in Resources */,
				2F02FF331FCA9C6500B037D8 /* Main.storyboard in Resources */,
			);
			runOnlyForDeploymentPostprocessing = 0;
		};
		2F02FF3C1FCA9C6500B037D8 /* Resources */ = {
			isa = PBXResourcesBuildPhase;
			buildActionMask = 2147483647;
			files = (
			);
			runOnlyForDeploymentPostprocessing = 0;
		};
		2F02FF471FCA9C6500B037D8 /* Resources */ = {
			isa = PBXResourcesBuildPhase;
			buildActionMask = 2147483647;
			files = (
			);
			runOnlyForDeploymentPostprocessing = 0;
		};
/* End PBXResourcesBuildPhase section */

/* Begin PBXSourcesBuildPhase section */
		2F02FF261FCA9C6500B037D8 /* Sources */ = {
			isa = PBXSourcesBuildPhase;
			buildActionMask = 2147483647;
			files = (
				2F02FF301FCA9C6500B037D8 /* ViewController.swift in Sources */,
				2F02FF5C1FCAA21100B037D8 /* WebViewController.swift in Sources */,
				2F02FF2E1FCA9C6500B037D8 /* AppDelegate.swift in Sources */,
				2F02FF5E1FCAA5EE00B037D8 /* PageViewController.swift in Sources */,
			);
			runOnlyForDeploymentPostprocessing = 0;
		};
		2F02FF3A1FCA9C6500B037D8 /* Sources */ = {
			isa = PBXSourcesBuildPhase;
			buildActionMask = 2147483647;
			files = (
				2F02FF431FCA9C6500B037D8 /* SwiftPageDemoTests.swift in Sources */,
			);
			runOnlyForDeploymentPostprocessing = 0;
		};
		2F02FF451FCA9C6500B037D8 /* Sources */ = {
			isa = PBXSourcesBuildPhase;
			buildActionMask = 2147483647;
			files = (
				2F02FF4E1FCA9C6500B037D8 /* SwiftPageDemoUITests.swift in Sources */,
			);
			runOnlyForDeploymentPostprocessing = 0;
		};
/* End PBXSourcesBuildPhase section */

/* Begin PBXTargetDependency section */
		2F02FF401FCA9C6500B037D8 /* PBXTargetDependency */ = {
			isa = PBXTargetDependency;
			target = 2F02FF291FCA9C6500B037D8 /* SwiftPageDemo */;
			targetProxy = 2F02FF3F1FCA9C6500B037D8 /* PBXContainerItemProxy */;
		};
		2F02FF4B1FCA9C6500B037D8 /* PBXTargetDependency */ = {
			isa = PBXTargetDependency;
			target = 2F02FF291FCA9C6500B037D8 /* SwiftPageDemo */;
			targetProxy = 2F02FF4A1FCA9C6500B037D8 /* PBXContainerItemProxy */;
		};
/* End PBXTargetDependency section */

/* Begin PBXVariantGroup section */
		2F02FF311FCA9C6500B037D8 /* Main.storyboard */ = {
			isa = PBXVariantGroup;
			children = (
				2F02FF321FCA9C6500B037D8 /* Base */,
			);
			name = Main.storyboard;
			sourceTree = "<group>";
		};
		2F02FF361FCA9C6500B037D8 /* LaunchScreen.storyboard */ = {
			isa = PBXVariantGroup;
			children = (
				2F02FF371FCA9C6500B037D8 /* Base */,
			);
			name = LaunchScreen.storyboard;
			sourceTree = "<group>";
		};
/* End PBXVariantGroup section */

/* Begin XCBuildConfiguration section */
		2F02FF501FCA9C6500B037D8 /* Debug */ = {
			isa = XCBuildConfiguration;
			buildSettings = {
				ALWAYS_SEARCH_USER_PATHS = NO;
				CLANG_ANALYZER_NONNULL = YES;
				CLANG_ANALYZER_NUMBER_OBJECT_CONVERSION = YES_AGGRESSIVE;
				CLANG_CXX_LANGUAGE_STANDARD = "gnu++14";
				CLANG_CXX_LIBRARY = "libc++";
				CLANG_ENABLE_MODULES = YES;
				CLANG_ENABLE_OBJC_ARC = YES;
				CLANG_WARN_BLOCK_CAPTURE_AUTORELEASING = YES;
				CLANG_WARN_BOOL_CONVERSION = YES;
				CLANG_WARN_COMMA = YES;
				CLANG_WARN_CONSTANT_CONVERSION = YES;
				CLANG_WARN_DIRECT_OBJC_ISA_USAGE = YES_ERROR;
				CLANG_WARN_DOCUMENTATION_COMMENTS = YES;
				CLANG_WARN_EMPTY_BODY = YES;
				CLANG_WARN_ENUM_CONVERSION = YES;
				CLANG_WARN_INFINITE_RECURSION = YES;
				CLANG_WARN_INT_CONVERSION = YES;
				CLANG_WARN_NON_LITERAL_NULL_CONVERSION = YES;
				CLANG_WARN_OBJC_LITERAL_CONVERSION = YES;
				CLANG_WARN_OBJC_ROOT_CLASS = YES_ERROR;
				CLANG_WARN_RANGE_LOOP_ANALYSIS = YES;
				CLANG_WARN_STRICT_PROTOTYPES = YES;
				CLANG_WARN_SUSPICIOUS_MOVE = YES;
				CLANG_WARN_UNGUARDED_AVAILABILITY = YES_AGGRESSIVE;
				CLANG_WARN_UNREACHABLE_CODE = YES;
				CLANG_WARN__DUPLICATE_METHOD_MATCH = YES;
				CODE_SIGN_IDENTITY = "iPhone Developer";
				COPY_PHASE_STRIP = NO;
				DEBUG_INFORMATION_FORMAT = dwarf;
				ENABLE_STRICT_OBJC_MSGSEND = YES;
				ENABLE_TESTABILITY = YES;
				GCC_C_LANGUAGE_STANDARD = gnu11;
				GCC_DYNAMIC_NO_PIC = NO;
				GCC_NO_COMMON_BLOCKS = YES;
				GCC_OPTIMIZATION_LEVEL = 0;
				GCC_PREPROCESSOR_DEFINITIONS = (
					"DEBUG=1",
					"$(inherited)",
				);
				GCC_WARN_64_TO_32_BIT_CONVERSION = YES;
				GCC_WARN_ABOUT_RETURN_TYPE = YES_ERROR;
				GCC_WARN_UNDECLARED_SELECTOR = YES;
				GCC_WARN_UNINITIALIZED_AUTOS = YES_AGGRESSIVE;
				GCC_WARN_UNUSED_FUNCTION = YES;
				GCC_WARN_UNUSED_VARIABLE = YES;
				IPHONEOS_DEPLOYMENT_TARGET = 11.1;
				MTL_ENABLE_DEBUG_INFO = YES;
				ONLY_ACTIVE_ARCH = YES;
				SDKROOT = iphoneos;
				SWIFT_ACTIVE_COMPILATION_CONDITIONS = DEBUG;
				SWIFT_OPTIMIZATION_LEVEL = "-Onone";
			};
			name = Debug;
		};
		2F02FF511FCA9C6500B037D8 /* Release */ = {
			isa = XCBuildConfiguration;
			buildSettings = {
				ALWAYS_SEARCH_USER_PATHS = NO;
				CLANG_ANALYZER_NONNULL = YES;
				CLANG_ANALYZER_NUMBER_OBJECT_CONVERSION = YES_AGGRESSIVE;
				CLANG_CXX_LANGUAGE_STANDARD = "gnu++14";
				CLANG_CXX_LIBRARY = "libc++";
				CLANG_ENABLE_MODULES = YES;
				CLANG_ENABLE_OBJC_ARC = YES;
				CLANG_WARN_BLOCK_CAPTURE_AUTORELEASING = YES;
				CLANG_WARN_BOOL_CONVERSION = YES;
				CLANG_WARN_COMMA = YES;
				CLANG_WARN_CONSTANT_CONVERSION = YES;
				CLANG_WARN_DIRECT_OBJC_ISA_USAGE = YES_ERROR;
				CLANG_WARN_DOCUMENTATION_COMMENTS = YES;
				CLANG_WARN_EMPTY_BODY = YES;
				CLANG_WARN_ENUM_CONVERSION = YES;
				CLANG_WARN_INFINITE_RECURSION = YES;
				CLANG_WARN_INT_CONVERSION = YES;
				CLANG_WARN_NON_LITERAL_NULL_CONVERSION = YES;
				CLANG_WARN_OBJC_LITERAL_CONVERSION = YES;
				CLANG_WARN_OBJC_ROOT_CLASS = YES_ERROR;
				CLANG_WARN_RANGE_LOOP_ANALYSIS = YES;
				CLANG_WARN_STRICT_PROTOTYPES = YES;
				CLANG_WARN_SUSPICIOUS_MOVE = YES;
				CLANG_WARN_UNGUARDED_AVAILABILITY = YES_AGGRESSIVE;
				CLANG_WARN_UNREACHABLE_CODE = YES;
				CLANG_WARN__DUPLICATE_METHOD_MATCH = YES;
				CODE_SIGN_IDENTITY = "iPhone Developer";
				COPY_PHASE_STRIP = NO;
				DEBUG_INFORMATION_FORMAT = "dwarf-with-dsym";
				ENABLE_NS_ASSERTIONS = NO;
				ENABLE_STRICT_OBJC_MSGSEND = YES;
				GCC_C_LANGUAGE_STANDARD = gnu11;
				GCC_NO_COMMON_BLOCKS = YES;
				GCC_WARN_64_TO_32_BIT_CONVERSION = YES;
				GCC_WARN_ABOUT_RETURN_TYPE = YES_ERROR;
				GCC_WARN_UNDECLARED_SELECTOR = YES;
				GCC_WARN_UNINITIALIZED_AUTOS = YES_AGGRESSIVE;
				GCC_WARN_UNUSED_FUNCTION = YES;
				GCC_WARN_UNUSED_VARIABLE = YES;
				IPHONEOS_DEPLOYMENT_TARGET = 11.1;
				MTL_ENABLE_DEBUG_INFO = NO;
				SDKROOT = iphoneos;
				SWIFT_OPTIMIZATION_LEVEL = "-Owholemodule";
				VALIDATE_PRODUCT = YES;
			};
			name = Release;
		};
		2F02FF531FCA9C6500B037D8 /* Debug */ = {
			isa = XCBuildConfiguration;
			buildSettings = {
				ASSETCATALOG_COMPILER_APPICON_NAME = AppIcon;
				CODE_SIGN_STYLE = Automatic;
				DEVELOPMENT_TEAM = NU44639NV3;
				INFOPLIST_FILE = SwiftPageDemo/Info.plist;
				LD_RUNPATH_SEARCH_PATHS = "$(inherited) @executable_path/Frameworks";
				PRODUCT_BUNDLE_IDENTIFIER = com.LicaGao.SwiftPageDemo;
				PRODUCT_NAME = "$(TARGET_NAME)";
				SWIFT_VERSION = 4.0;
				TARGETED_DEVICE_FAMILY = "1,2";
			};
			name = Debug;
		};
		2F02FF541FCA9C6500B037D8 /* Release */ = {
			isa = XCBuildConfiguration;
			buildSettings = {
				ASSETCATALOG_COMPILER_APPICON_NAME = AppIcon;
				CODE_SIGN_STYLE = Automatic;
				DEVELOPMENT_TEAM = NU44639NV3;
				INFOPLIST_FILE = SwiftPageDemo/Info.plist;
				LD_RUNPATH_SEARCH_PATHS = "$(inherited) @executable_path/Frameworks";
				PRODUCT_BUNDLE_IDENTIFIER = com.LicaGao.SwiftPageDemo;
				PRODUCT_NAME = "$(TARGET_NAME)";
				SWIFT_VERSION = 4.0;
				TARGETED_DEVICE_FAMILY = "1,2";
			};
			name = Release;
		};
		2F02FF561FCA9C6500B037D8 /* Debug */ = {
			isa = XCBuildConfiguration;
			buildSettings = {
				ALWAYS_EMBED_SWIFT_STANDARD_LIBRARIES = YES;
				BUNDLE_LOADER = "$(TEST_HOST)";
				CODE_SIGN_STYLE = Automatic;
				DEVELOPMENT_TEAM = NU44639NV3;
				INFOPLIST_FILE = SwiftPageDemoTests/Info.plist;
				LD_RUNPATH_SEARCH_PATHS = "$(inherited) @executable_path/Frameworks @loader_path/Frameworks";
				PRODUCT_BUNDLE_IDENTIFIER = com.LicaGao.SwiftPageDemoTests;
				PRODUCT_NAME = "$(TARGET_NAME)";
				SWIFT_VERSION = 4.0;
				TARGETED_DEVICE_FAMILY = "1,2";
				TEST_HOST = "$(BUILT_PRODUCTS_DIR)/SwiftPageDemo.app/SwiftPageDemo";
			};
			name = Debug;
		};
		2F02FF571FCA9C6500B037D8 /* Release */ = {
			isa = XCBuildConfiguration;
			buildSettings = {
				ALWAYS_EMBED_SWIFT_STANDARD_LIBRARIES = YES;
				BUNDLE_LOADER = "$(TEST_HOST)";
				CODE_SIGN_STYLE = Automatic;
				DEVELOPMENT_TEAM = NU44639NV3;
				INFOPLIST_FILE = SwiftPageDemoTests/Info.plist;
				LD_RUNPATH_SEARCH_PATHS = "$(inherited) @executable_path/Frameworks @loader_path/Frameworks";
				PRODUCT_BUNDLE_IDENTIFIER = com.LicaGao.SwiftPageDemoTests;
				PRODUCT_NAME = "$(TARGET_NAME)";
				SWIFT_VERSION = 4.0;
				TARGETED_DEVICE_FAMILY = "1,2";
				TEST_HOST = "$(BUILT_PRODUCTS_DIR)/SwiftPageDemo.app/SwiftPageDemo";
			};
			name = Release;
		};
		2F02FF591FCA9C6500B037D8 /* Debug */ = {
			isa = XCBuildConfiguration;
			buildSettings = {
				ALWAYS_EMBED_SWIFT_STANDARD_LIBRARIES = YES;
				CODE_SIGN_STYLE = Automatic;
				DEVELOPMENT_TEAM = NU44639NV3;
				INFOPLIST_FILE = SwiftPageDemoUITests/Info.plist;
				LD_RUNPATH_SEARCH_PATHS = "$(inherited) @executable_path/Frameworks @loader_path/Frameworks";
				PRODUCT_BUNDLE_IDENTIFIER = com.LicaGao.SwiftPageDemoUITests;
				PRODUCT_NAME = "$(TARGET_NAME)";
				SWIFT_VERSION = 4.0;
				TARGETED_DEVICE_FAMILY = "1,2";
				TEST_TARGET_NAME = SwiftPageDemo;
			};
			name = Debug;
		};
		2F02FF5A1FCA9C6500B037D8 /* Release */ = {
			isa = XCBuildConfiguration;
			buildSettings = {
				ALWAYS_EMBED_SWIFT_STANDARD_LIBRARIES = YES;
				CODE_SIGN_STYLE = Automatic;
				DEVELOPMENT_TEAM = NU44639NV3;
				INFOPLIST_FILE = SwiftPageDemoUITests/Info.plist;
				LD_RUNPATH_SEARCH_PATHS = "$(inherited) @executable_path/Frameworks @loader_path/Frameworks";
				PRODUCT_BUNDLE_IDENTIFIER = com.LicaGao.SwiftPageDemoUITests;
				PRODUCT_NAME = "$(TARGET_NAME)";
				SWIFT_VERSION = 4.0;
				TARGETED_DEVICE_FAMILY = "1,2";
				TEST_TARGET_NAME = SwiftPageDemo;
			};
			name = Release;
		};
/* End XCBuildConfiguration section */

/* Begin XCConfigurationList section */
		2F02FF251FCA9C6500B037D8 /* Build configuration list for PBXProject "SwiftPageDemo" */ = {
			isa = XCConfigurationList;
			buildConfigurations = (
				2F02FF501FCA9C6500B037D8 /* Debug */,
				2F02FF511FCA9C6500B037D8 /* Release */,
			);
			defaultConfigurationIsVisible = 0;
			defaultConfigurationName = Release;
		};
		2F02FF521FCA9C6500B037D8 /* Build configuration list for PBXNativeTarget "SwiftPageDemo" */ = {
			isa = XCConfigurationList;
			buildConfigurations = (
				2F02FF531FCA9C6500B037D8 /* Debug */,
				2F02FF541FCA9C6500B037D8 /* Release */,
			);
			defaultConfigurationIsVisible = 0;
			defaultConfigurationName = Release;
		};
		2F02FF551FCA9C6500B037D8 /* Build configuration list for PBXNativeTarget "SwiftPageDemoTests" */ = {
			isa = XCConfigurationList;
			buildConfigurations = (
				2F02FF561FCA9C6500B037D8 /* Debug */,
				2F02FF571FCA9C6500B037D8 /* Release */,
			);
			defaultConfigurationIsVisible = 0;
			defaultConfigurationName = Release;
		};
		2F02FF581FCA9C6500B037D8 /* Build configuration list for PBXNativeTarget "SwiftPageDemoUITests" */ = {
			isa = XCConfigurationList;
			buildConfigurations = (
				2F02FF591FCA9C6500B037D8 /* Debug */,
				2F02FF5A1FCA9C6500B037D8 /* Release */,
			);
			defaultConfigurationIsVisible = 0;
			defaultConfigurationName = Release;
		};
/* End XCConfigurationList section */
	};
	rootObject = 2F02FF221FCA9C6500B037D8 /* Project object */;
}
