// !$*UTF8*$!
{
	archiveVersion = 1;
	classes = {
	};
	objectVersion = 50;
	objects = {

/* Begin PBXBuildFile section */
		1F14A585225830C6005CA76A /* RotateLoadingAnimationController.swift in Sources */ = {isa = PBXBuildFile; fileRef = 1F14A584225830C6005CA76A /* RotateLoadingAnimationController.swift */; };
		1F14A58722585CB0005CA76A /* AnimationListViewController.swift in Sources */ = {isa = PBXBuildFile; fileRef = 1F14A58622585CB0005CA76A /* AnimationListViewController.swift */; };
		1F14A58922585EE6005CA76A /* SNRoundAnimationView.swift in Sources */ = {isa = PBXBuildFile; fileRef = 1F14A58822585EE6005CA76A /* SNRoundAnimationView.swift */; };
		1F14A58C22588CF3005CA76A /* BasicUIViewController.swift in Sources */ = {isa = PBXBuildFile; fileRef = 1F14A58B22588CF3005CA76A /* BasicUIViewController.swift */; };
		1F3CDCAD22573B6F00B8A0ED /* CLRotateAnimationView.swift in Sources */ = {isa = PBXBuildFile; fileRef = 1F3CDCAC22573B6F00B8A0ED /* CLRotateAnimationView.swift */; };
		1F6AC5EA22464E430024AD51 /* AppDelegate.swift in Sources */ = {isa = PBXBuildFile; fileRef = 1F6AC5E922464E430024AD51 /* AppDelegate.swift */; };
		1F6AC5EC22464E430024AD51 /* ViewController.swift in Sources */ = {isa = PBXBuildFile; fileRef = 1F6AC5EB22464E430024AD51 /* ViewController.swift */; };
		1F6AC5EF22464E430024AD51 /* Main.storyboard in Resources */ = {isa = PBXBuildFile; fileRef = 1F6AC5ED22464E430024AD51 /* Main.storyboard */; };
		1F6AC5F122464E450024AD51 /* Assets.xcassets in Resources */ = {isa = PBXBuildFile; fileRef = 1F6AC5F022464E450024AD51 /* Assets.xcassets */; };
		1F6AC5F422464E450024AD51 /* LaunchScreen.storyboard in Resources */ = {isa = PBXBuildFile; fileRef = 1F6AC5F222464E450024AD51 /* LaunchScreen.storyboard */; };
/* End PBXBuildFile section */

/* Begin PBXFileReference section */
		1F14A584225830C6005CA76A /* RotateLoadingAnimationController.swift */ = {isa = PBXFileReference; lastKnownFileType = sourcecode.swift; path = RotateLoadingAnimationController.swift; sourceTree = "<group>"; };
		1F14A58622585CB0005CA76A /* AnimationListViewController.swift */ = {isa = PBXFileReference; lastKnownFileType = sourcecode.swift; path = AnimationListViewController.swift; sourceTree = "<group>"; };
		1F14A58822585EE6005CA76A /* SNRoundAnimationView.swift */ = {isa = PBXFileReference; lastKnownFileType = sourcecode.swift; path = SNRoundAnimationView.swift; sourceTree = "<group>"; };
		1F14A58B22588CF3005CA76A /* BasicUIViewController.swift */ = {isa = PBXFileReference; lastKnownFileType = sourcecode.swift; path = BasicUIViewController.swift; sourceTree = "<group>"; };
		1F3CDCAC22573B6F00B8A0ED /* CLRotateAnimationView.swift */ = {isa = PBXFileReference; lastKnownFileType = sourcecode.swift; path = CLRotateAnimationView.swift; sourceTree = "<group>"; wrapsLines = 0; };
		1F6AC5E622464E430024AD51 /* SwiftTest.app */ = {isa = PBXFileReference; explicitFileType = wrapper.application; includeInIndex = 0; path = SwiftTest.app; sourceTree = BUILT_PRODUCTS_DIR; };
		1F6AC5E922464E430024AD51 /* AppDelegate.swift */ = {isa = PBXFileReference; lastKnownFileType = sourcecode.swift; path = AppDelegate.swift; sourceTree = "<group>"; };
		1F6AC5EB22464E430024AD51 /* ViewController.swift */ = {isa = PBXFileReference; lastKnownFileType = sourcecode.swift; path = ViewController.swift; sourceTree = "<group>"; };
		1F6AC5EE22464E430024AD51 /* Base */ = {isa = PBXFileReference; lastKnownFileType = file.storyboard; name = Base; path = Base.lproj/Main.storyboard; sourceTree = "<group>"; };
		1F6AC5F022464E450024AD51 /* Assets.xcassets */ = {isa = PBXFileReference; lastKnownFileType = folder.assetcatalog; path = Assets.xcassets; sourceTree = "<group>"; };
		1F6AC5F322464E450024AD51 /* Base */ = {isa = PBXFileReference; lastKnownFileType = file.storyboard; name = Base; path = Base.lproj/LaunchScreen.storyboard; sourceTree = "<group>"; };
		1F6AC5F522464E450024AD51 /* Info.plist */ = {isa = PBXFileReference; lastKnownFileType = text.plist.xml; path = Info.plist; sourceTree = "<group>"; };
/* End PBXFileReference section */

/* Begin PBXFrameworksBuildPhase section */
		1F6AC5E322464E430024AD51 /* Frameworks */ = {
			isa = PBXFrameworksBuildPhase;
			buildActionMask = 2147483647;
			files = (
			);
			runOnlyForDeploymentPostprocessing = 0;
		};
/* End PBXFrameworksBuildPhase section */

/* Begin PBXGroup section */
		1F14A58222582CF4005CA76A /* Animation */ = {
			isa = PBXGroup;
			children = (
				1F14A58622585CB0005CA76A /* AnimationListViewController.swift */,
				1F14A58D22589798005CA76A /* tools */,
				1F14A58A22588CDD005CA76A /* BasicUI */,
				1F14A58322582D07005CA76A /* loading */,
			);
			path = Animation;
			sourceTree = "<group>";
		};
		1F14A58322582D07005CA76A /* loading */ = {
			isa = PBXGroup;
			children = (
				1F14A584225830C6005CA76A /* RotateLoadingAnimationController.swift */,
				1F3CDCAC22573B6F00B8A0ED /* CLRotateAnimationView.swift */,
				1F14A58822585EE6005CA76A /* SNRoundAnimationView.swift */,
			);
			path = loading;
			sourceTree = "<group>";
		};
		1F14A58A22588CDD005CA76A /* BasicUI */ = {
			isa = PBXGroup;
			children = (
				1F14A58B22588CF3005CA76A /* BasicUIViewController.swift */,
			);
			path = BasicUI;
			sourceTree = "<group>";
		};
		1F14A58D22589798005CA76A /* tools */ = {
			isa = PBXGroup;
			children = (
			);
			path = tools;
			sourceTree = "<group>";
		};
		1F6AC5DD22464E430024AD51 = {
			isa = PBXGroup;
			children = (
				1F14A58222582CF4005CA76A /* Animation */,
				1F6AC5E822464E430024AD51 /* SwiftTest */,
				1F6AC5E722464E430024AD51 /* Products */,
			);
			sourceTree = "<group>";
		};
		1F6AC5E722464E430024AD51 /* Products */ = {
			isa = PBXGroup;
			children = (
				1F6AC5E622464E430024AD51 /* SwiftTest.app */,
			);
			name = Products;
			sourceTree = "<group>";
		};
		1F6AC5E822464E430024AD51 /* SwiftTest */ = {
			isa = PBXGroup;
			children = (
				1F6AC5E922464E430024AD51 /* AppDelegate.swift */,
				1F6AC5EB22464E430024AD51 /* ViewController.swift */,
				1F6AC5ED22464E430024AD51 /* Main.storyboard */,
				1F6AC5F022464E450024AD51 /* Assets.xcassets */,
				1F6AC5F222464E450024AD51 /* LaunchScreen.storyboard */,
				1F6AC5F522464E450024AD51 /* Info.plist */,
			);
			path = SwiftTest;
			sourceTree = "<group>";
		};
/* End PBXGroup section */

/* Begin PBXNativeTarget section */
		1F6AC5E522464E430024AD51 /* SwiftTest */ = {
			isa = PBXNativeTarget;
			buildConfigurationList = 1F6AC5F822464E450024AD51 /* Build configuration list for PBXNativeTarget "SwiftTest" */;
			buildPhases = (
				1F6AC5E222464E430024AD51 /* Sources */,
				1F6AC5E322464E430024AD51 /* Frameworks */,
				1F6AC5E422464E430024AD51 /* Resources */,
			);
			buildRules = (
			);
			dependencies = (
			);
			name = SwiftTest;
			productName = SwiftTest;
			productReference = 1F6AC5E622464E430024AD51 /* SwiftTest.app */;
			productType = "com.apple.product-type.application";
		};
/* End PBXNativeTarget section */

/* Begin PBXProject section */
		1F6AC5DE22464E430024AD51 /* Project object */ = {
			isa = PBXProject;
			attributes = {
				LastSwiftUpdateCheck = 1000;
				LastUpgradeCheck = 1000;
				ORGANIZATIONNAME = sjl;
				TargetAttributes = {
					1F6AC5E522464E430024AD51 = {
						CreatedOnToolsVersion = 10.0;
					};
				};
			};
			buildConfigurationList = 1F6AC5E122464E430024AD51 /* Build configuration list for PBXProject "SwiftTest" */;
			compatibilityVersion = "Xcode 9.3";
			developmentRegion = en;
			hasScannedForEncodings = 0;
			knownRegions = (
				en,
				Base,
			);
			mainGroup = 1F6AC5DD22464E430024AD51;
			productRefGroup = 1F6AC5E722464E430024AD51 /* Products */;
			projectDirPath = "";
			projectRoot = "";
			targets = (
				1F6AC5E522464E430024AD51 /* SwiftTest */,
			);
		};
/* End PBXProject section */

/* Begin PBXResourcesBuildPhase section */
		1F6AC5E422464E430024AD51 /* Resources */ = {
			isa = PBXResourcesBuildPhase;
			buildActionMask = 2147483647;
			files = (
				1F6AC5F422464E450024AD51 /* LaunchScreen.storyboard in Resources */,
				1F6AC5F122464E450024AD51 /* Assets.xcassets in Resources */,
				1F6AC5EF22464E430024AD51 /* Main.storyboard in Resources */,
			);
			runOnlyForDeploymentPostprocessing = 0;
		};
/* End PBXResourcesBuildPhase section */

/* Begin PBXSourcesBuildPhase section */
		1F6AC5E222464E430024AD51 /* Sources */ = {
			isa = PBXSourcesBuildPhase;
			buildActionMask = 2147483647;
			files = (
				1F3CDCAD22573B6F00B8A0ED /* CLRotateAnimationView.swift in Sources */,
				1F14A58C22588CF3005CA76A /* BasicUIViewController.swift in Sources */,
				1F6AC5EC22464E430024AD51 /* ViewController.swift in Sources */,
				1F14A585225830C6005CA76A /* RotateLoadingAnimationController.swift in Sources */,
				1F6AC5EA22464E430024AD51 /* AppDelegate.swift in Sources */,
				1F14A58722585CB0005CA76A /* AnimationListViewController.swift in Sources */,
				1F14A58922585EE6005CA76A /* SNRoundAnimationView.swift in Sources */,
			);
			runOnlyForDeploymentPostprocessing = 0;
		};
/* End PBXSourcesBuildPhase section */

/* Begin PBXVariantGroup section */
		1F6AC5ED22464E430024AD51 /* Main.storyboard */ = {
			isa = PBXVariantGroup;
			children = (
				1F6AC5EE22464E430024AD51 /* Base */,
			);
			name = Main.storyboard;
			sourceTree = "<group>";
		};
		1F6AC5F222464E450024AD51 /* LaunchScreen.storyboard */ = {
			isa = PBXVariantGroup;
			children = (
				1F6AC5F322464E450024AD51 /* Base */,
			);
			name = LaunchScreen.storyboard;
			sourceTree = "<group>";
		};
/* End PBXVariantGroup section */

/* Begin XCBuildConfiguration section */
		1F6AC5F622464E450024AD51 /* Debug */ = {
			isa = XCBuildConfiguration;
			buildSettings = {
				ALWAYS_SEARCH_USER_PATHS = NO;
				CLANG_ANALYZER_NONNULL = YES;
				CLANG_ANALYZER_NUMBER_OBJECT_CONVERSION = YES_AGGRESSIVE;
				CLANG_CXX_LANGUAGE_STANDARD = "gnu++14";
				CLANG_CXX_LIBRARY = "libc++";
				CLANG_ENABLE_MODULES = YES;
				CLANG_ENABLE_OBJC_ARC = YES;
				CLANG_ENABLE_OBJC_WEAK = YES;
				CLANG_WARN_BLOCK_CAPTURE_AUTORELEASING = YES;
				CLANG_WARN_BOOL_CONVERSION = YES;
				CLANG_WARN_COMMA = YES;
				CLANG_WARN_CONSTANT_CONVERSION = YES;
				CLANG_WARN_DEPRECATED_OBJC_IMPLEMENTATIONS = YES;
				CLANG_WARN_DIRECT_OBJC_ISA_USAGE = YES_ERROR;
				CLANG_WARN_DOCUMENTATION_COMMENTS = YES;
				CLANG_WARN_EMPTY_BODY = YES;
				CLANG_WARN_ENUM_CONVERSION = YES;
				CLANG_WARN_INFINITE_RECURSION = YES;
				CLANG_WARN_INT_CONVERSION = YES;
				CLANG_WARN_NON_LITERAL_NULL_CONVERSION = YES;
				CLANG_WARN_OBJC_IMPLICIT_RETAIN_SELF = YES;
				CLANG_WARN_OBJC_LITERAL_CONVERSION = YES;
				CLANG_WARN_OBJC_ROOT_CLASS = YES_ERROR;
				CLANG_WARN_RANGE_LOOP_ANALYSIS = YES;
				CLANG_WARN_STRICT_PROTOTYPES = YES;
				CLANG_WARN_SUSPICIOUS_MOVE = YES;
				CLANG_WARN_UNGUARDED_AVAILABILITY = YES_AGGRESSIVE;
				CLANG_WARN_UNREACHABLE_CODE = YES;
				CLANG_WARN__DUPLICATE_METHOD_MATCH = YES;
				CODE_SIGN_IDENTITY = "iPhone Developer";
				COPY_PHASE_STRIP = NO;
				DEBUG_INFORMATION_FORMAT = dwarf;
				ENABLE_STRICT_OBJC_MSGSEND = YES;
				ENABLE_TESTABILITY = YES;
				GCC_C_LANGUAGE_STANDARD = gnu11;
				GCC_DYNAMIC_NO_PIC = NO;
				GCC_NO_COMMON_BLOCKS = YES;
				GCC_OPTIMIZATION_LEVEL = 0;
				GCC_PREPROCESSOR_DEFINITIONS = (
					"DEBUG=1",
					"$(inherited)",
				);
				GCC_WARN_64_TO_32_BIT_CONVERSION = YES;
				GCC_WARN_ABOUT_RETURN_TYPE = YES_ERROR;
				GCC_WARN_UNDECLARED_SELECTOR = YES;
				GCC_WARN_UNINITIALIZED_AUTOS = YES_AGGRESSIVE;
				GCC_WARN_UNUSED_FUNCTION = YES;
				GCC_WARN_UNUSED_VARIABLE = YES;
				IPHONEOS_DEPLOYMENT_TARGET = 12.0;
				MTL_ENABLE_DEBUG_INFO = INCLUDE_SOURCE;
				MTL_FAST_MATH = YES;
				ONLY_ACTIVE_ARCH = YES;
				SDKROOT = iphoneos;
				SWIFT_ACTIVE_COMPILATION_CONDITIONS = DEBUG;
				SWIFT_OPTIMIZATION_LEVEL = "-Onone";
			};
			name = Debug;
		};
		1F6AC5F722464E450024AD51 /* Release */ = {
			isa = XCBuildConfiguration;
			buildSettings = {
				ALWAYS_SEARCH_USER_PATHS = NO;
				CLANG_ANALYZER_NONNULL = YES;
				CLANG_ANALYZER_NUMBER_OBJECT_CONVERSION = YES_AGGRESSIVE;
				CLANG_CXX_LANGUAGE_STANDARD = "gnu++14";
				CLANG_CXX_LIBRARY = "libc++";
				CLANG_ENABLE_MODULES = YES;
				CLANG_ENABLE_OBJC_ARC = YES;
				CLANG_ENABLE_OBJC_WEAK = YES;
				CLANG_WARN_BLOCK_CAPTURE_AUTORELEASING = YES;
				CLANG_WARN_BOOL_CONVERSION = YES;
				CLANG_WARN_COMMA = YES;
				CLANG_WARN_CONSTANT_CONVERSION = YES;
				CLANG_WARN_DEPRECATED_OBJC_IMPLEMENTATIONS = YES;
				CLANG_WARN_DIRECT_OBJC_ISA_USAGE = YES_ERROR;
				CLANG_WARN_DOCUMENTATION_COMMENTS = YES;
				CLANG_WARN_EMPTY_BODY = YES;
				CLANG_WARN_ENUM_CONVERSION = YES;
				CLANG_WARN_INFINITE_RECURSION = YES;
				CLANG_WARN_INT_CONVERSION = YES;
				CLANG_WARN_NON_LITERAL_NULL_CONVERSION = YES;
				CLANG_WARN_OBJC_IMPLICIT_RETAIN_SELF = YES;
				CLANG_WARN_OBJC_LITERAL_CONVERSION = YES;
				CLANG_WARN_OBJC_ROOT_CLASS = YES_ERROR;
				CLANG_WARN_RANGE_LOOP_ANALYSIS = YES;
				CLANG_WARN_STRICT_PROTOTYPES = YES;
				CLANG_WARN_SUSPICIOUS_MOVE = YES;
				CLANG_WARN_UNGUARDED_AVAILABILITY = YES_AGGRESSIVE;
				CLANG_WARN_UNREACHABLE_CODE = YES;
				CLANG_WARN__DUPLICATE_METHOD_MATCH = YES;
				CODE_SIGN_IDENTITY = "iPhone Developer";
				COPY_PHASE_STRIP = NO;
				DEBUG_INFORMATION_FORMAT = "dwarf-with-dsym";
				ENABLE_NS_ASSERTIONS = NO;
				ENABLE_STRICT_OBJC_MSGSEND = YES;
				GCC_C_LANGUAGE_STANDARD = gnu11;
				GCC_NO_COMMON_BLOCKS = YES;
				GCC_WARN_64_TO_32_BIT_CONVERSION = YES;
				GCC_WARN_ABOUT_RETURN_TYPE = YES_ERROR;
				GCC_WARN_UNDECLARED_SELECTOR = YES;
				GCC_WARN_UNINITIALIZED_AUTOS = YES_AGGRESSIVE;
				GCC_WARN_UNUSED_FUNCTION = YES;
				GCC_WARN_UNUSED_VARIABLE = YES;
				IPHONEOS_DEPLOYMENT_TARGET = 12.0;
				MTL_ENABLE_DEBUG_INFO = NO;
				MTL_FAST_MATH = YES;
				SDKROOT = iphoneos;
				SWIFT_COMPILATION_MODE = wholemodule;
				SWIFT_OPTIMIZATION_LEVEL = "-O";
				VALIDATE_PRODUCT = YES;
			};
			name = Release;
		};
		1F6AC5F922464E450024AD51 /* Debug */ = {
			isa = XCBuildConfiguration;
			buildSettings = {
				ASSETCATALOG_COMPILER_APPICON_NAME = AppIcon;
				CODE_SIGN_STYLE = Automatic;
				INFOPLIST_FILE = SwiftTest/Info.plist;
				LD_RUNPATH_SEARCH_PATHS = (
					"$(inherited)",
					"@executable_path/Frameworks",
				);
				PRODUCT_BUNDLE_IDENTIFIER = sjl.SwiftTest;
				PRODUCT_NAME = "$(TARGET_NAME)";
				SWIFT_VERSION = 4.2;
				TARGETED_DEVICE_FAMILY = "1,2";
			};
			name = Debug;
		};
		1F6AC5FA22464E450024AD51 /* Release */ = {
			isa = XCBuildConfiguration;
			buildSettings = {
				ASSETCATALOG_COMPILER_APPICON_NAME = AppIcon;
				CODE_SIGN_STYLE = Automatic;
				INFOPLIST_FILE = SwiftTest/Info.plist;
				LD_RUNPATH_SEARCH_PATHS = (
					"$(inherited)",
					"@executable_path/Frameworks",
				);
				PRODUCT_BUNDLE_IDENTIFIER = sjl.SwiftTest;
				PRODUCT_NAME = "$(TARGET_NAME)";
				SWIFT_VERSION = 4.2;
				TARGETED_DEVICE_FAMILY = "1,2";
			};
			name = Release;
		};
/* End XCBuildConfiguration section */

/* Begin XCConfigurationList section */
		1F6AC5E122464E430024AD51 /* Build configuration list for PBXProject "SwiftTest" */ = {
			isa = XCConfigurationList;
			buildConfigurations = (
				1F6AC5F622464E450024AD51 /* Debug */,
				1F6AC5F722464E450024AD51 /* Release */,
			);
			defaultConfigurationIsVisible = 0;
			defaultConfigurationName = Release;
		};
		1F6AC5F822464E450024AD51 /* Build configuration list for PBXNativeTarget "SwiftTest" */ = {
			isa = XCConfigurationList;
			buildConfigurations = (
				1F6AC5F922464E450024AD51 /* Debug */,
				1F6AC5FA22464E450024AD51 /* Release */,
			);
			defaultConfigurationIsVisible = 0;
			defaultConfigurationName = Release;
		};
/* End XCConfigurationList section */
	};
	rootObject = 1F6AC5DE22464E430024AD51 /* Project object */;
}
