// !$*UTF8*$!
{
	archiveVersion = 1;
	classes = {
	};
	objectVersion = 48;
	objects = {

/* Begin PBXBuildFile section */
		2FE744031FC00ABB00058638 /* AppDelegate.swift in Sources */ = {isa = PBXBuildFile; fileRef = 2FE744021FC00ABB00058638 /* AppDelegate.swift */; };
		2FE744051FC00ABB00058638 /* ViewController.swift in Sources */ = {isa = PBXBuildFile; fileRef = 2FE744041FC00ABB00058638 /* ViewController.swift */; };
		2FE744081FC00ABB00058638 /* Main.storyboard in Resources */ = {isa = PBXBuildFile; fileRef = 2FE744061FC00ABB00058638 /* Main.storyboard */; };
		2FE7440B1FC00ABB00058638 /* SwiftNotificationDemo.xcdatamodeld in Sources */ = {isa = PBXBuildFile; fileRef = 2FE744091FC00ABB00058638 /* SwiftNotificationDemo.xcdatamodeld */; };
		2FE7440D1FC00ABB00058638 /* Assets.xcassets in Resources */ = {isa = PBXBuildFile; fileRef = 2FE7440C1FC00ABB00058638 /* Assets.xcassets */; };
		2FE744101FC00ABB00058638 /* LaunchScreen.storyboard in Resources */ = {isa = PBXBuildFile; fileRef = 2FE7440E1FC00ABB00058638 /* LaunchScreen.storyboard */; };
		2FE7441B1FC00ABB00058638 /* SwiftNotificationDemoTests.swift in Sources */ = {isa = PBXBuildFile; fileRef = 2FE7441A1FC00ABB00058638 /* SwiftNotificationDemoTests.swift */; };
		2FE744261FC00ABB00058638 /* SwiftNotificationDemoUITests.swift in Sources */ = {isa = PBXBuildFile; fileRef = 2FE744251FC00ABB00058638 /* SwiftNotificationDemoUITests.swift */; };
/* End PBXBuildFile section */

/* Begin PBXContainerItemProxy section */
		2FE744171FC00ABB00058638 /* PBXContainerItemProxy */ = {
			isa = PBXContainerItemProxy;
			containerPortal = 2FE743F71FC00ABB00058638 /* Project object */;
			proxyType = 1;
			remoteGlobalIDString = 2FE743FE1FC00ABB00058638;
			remoteInfo = SwiftNotificationDemo;
		};
		2FE744221FC00ABB00058638 /* PBXContainerItemProxy */ = {
			isa = PBXContainerItemProxy;
			containerPortal = 2FE743F71FC00ABB00058638 /* Project object */;
			proxyType = 1;
			remoteGlobalIDString = 2FE743FE1FC00ABB00058638;
			remoteInfo = SwiftNotificationDemo;
		};
/* End PBXContainerItemProxy section */

/* Begin PBXFileReference section */
		2FE743FF1FC00ABB00058638 /* SwiftNotificationDemo.app */ = {isa = PBXFileReference; explicitFileType = wrapper.application; includeInIndex = 0; path = SwiftNotificationDemo.app; sourceTree = BUILT_PRODUCTS_DIR; };
		2FE744021FC00ABB00058638 /* AppDelegate.swift */ = {isa = PBXFileReference; lastKnownFileType = sourcecode.swift; path = AppDelegate.swift; sourceTree = "<group>"; };
		2FE744041FC00ABB00058638 /* ViewController.swift */ = {isa = PBXFileReference; lastKnownFileType = sourcecode.swift; path = ViewController.swift; sourceTree = "<group>"; };
		2FE744071FC00ABB00058638 /* Base */ = {isa = PBXFileReference; lastKnownFileType = file.storyboard; name = Base; path = Base.lproj/Main.storyboard; sourceTree = "<group>"; };
		2FE7440A1FC00ABB00058638 /* SwiftNotificationDemo.xcdatamodel */ = {isa = PBXFileReference; lastKnownFileType = wrapper.xcdatamodel; path = SwiftNotificationDemo.xcdatamodel; sourceTree = "<group>"; };
		2FE7440C1FC00ABB00058638 /* Assets.xcassets */ = {isa = PBXFileReference; lastKnownFileType = folder.assetcatalog; path = Assets.xcassets; sourceTree = "<group>"; };
		2FE7440F1FC00ABB00058638 /* Base */ = {isa = PBXFileReference; lastKnownFileType = file.storyboard; name = Base; path = Base.lproj/LaunchScreen.storyboard; sourceTree = "<group>"; };
		2FE744111FC00ABB00058638 /* Info.plist */ = {isa = PBXFileReference; lastKnownFileType = text.plist.xml; path = Info.plist; sourceTree = "<group>"; };
		2FE744161FC00ABB00058638 /* SwiftNotificationDemoTests.xctest */ = {isa = PBXFileReference; explicitFileType = wrapper.cfbundle; includeInIndex = 0; path = SwiftNotificationDemoTests.xctest; sourceTree = BUILT_PRODUCTS_DIR; };
		2FE7441A1FC00ABB00058638 /* SwiftNotificationDemoTests.swift */ = {isa = PBXFileReference; lastKnownFileType = sourcecode.swift; path = SwiftNotificationDemoTests.swift; sourceTree = "<group>"; };
		2FE7441C1FC00ABB00058638 /* Info.plist */ = {isa = PBXFileReference; lastKnownFileType = text.plist.xml; path = Info.plist; sourceTree = "<group>"; };
		2FE744211FC00ABB00058638 /* SwiftNotificationDemoUITests.xctest */ = {isa = PBXFileReference; explicitFileType = wrapper.cfbundle; includeInIndex = 0; path = SwiftNotificationDemoUITests.xctest; sourceTree = BUILT_PRODUCTS_DIR; };
		2FE744251FC00ABB00058638 /* SwiftNotificationDemoUITests.swift */ = {isa = PBXFileReference; lastKnownFileType = sourcecode.swift; path = SwiftNotificationDemoUITests.swift; sourceTree = "<group>"; };
		2FE744271FC00ABB00058638 /* Info.plist */ = {isa = PBXFileReference; lastKnownFileType = text.plist.xml; path = Info.plist; sourceTree = "<group>"; };
/* End PBXFileReference section */

/* Begin PBXFrameworksBuildPhase section */
		2FE743FC1FC00ABB00058638 /* Frameworks */ = {
			isa = PBXFrameworksBuildPhase;
			buildActionMask = 2147483647;
			files = (
			);
			runOnlyForDeploymentPostprocessing = 0;
		};
		2FE744131FC00ABB00058638 /* Frameworks */ = {
			isa = PBXFrameworksBuildPhase;
			buildActionMask = 2147483647;
			files = (
			);
			runOnlyForDeploymentPostprocessing = 0;
		};
		2FE7441E1FC00ABB00058638 /* Frameworks */ = {
			isa = PBXFrameworksBuildPhase;
			buildActionMask = 2147483647;
			files = (
			);
			runOnlyForDeploymentPostprocessing = 0;
		};
/* End PBXFrameworksBuildPhase section */

/* Begin PBXGroup section */
		2FE743F61FC00ABB00058638 = {
			isa = PBXGroup;
			children = (
				2FE744011FC00ABB00058638 /* SwiftNotificationDemo */,
				2FE744191FC00ABB00058638 /* SwiftNotificationDemoTests */,
				2FE744241FC00ABB00058638 /* SwiftNotificationDemoUITests */,
				2FE744001FC00ABB00058638 /* Products */,
			);
			sourceTree = "<group>";
		};
		2FE744001FC00ABB00058638 /* Products */ = {
			isa = PBXGroup;
			children = (
				2FE743FF1FC00ABB00058638 /* SwiftNotificationDemo.app */,
				2FE744161FC00ABB00058638 /* SwiftNotificationDemoTests.xctest */,
				2FE744211FC00ABB00058638 /* SwiftNotificationDemoUITests.xctest */,
			);
			name = Products;
			sourceTree = "<group>";
		};
		2FE744011FC00ABB00058638 /* SwiftNotificationDemo */ = {
			isa = PBXGroup;
			children = (
				2FE744021FC00ABB00058638 /* AppDelegate.swift */,
				2FE744041FC00ABB00058638 /* ViewController.swift */,
				2FE744061FC00ABB00058638 /* Main.storyboard */,
				2FE7440C1FC00ABB00058638 /* Assets.xcassets */,
				2FE7440E1FC00ABB00058638 /* LaunchScreen.storyboard */,
				2FE744111FC00ABB00058638 /* Info.plist */,
				2FE744091FC00ABB00058638 /* SwiftNotificationDemo.xcdatamodeld */,
			);
			path = SwiftNotificationDemo;
			sourceTree = "<group>";
		};
		2FE744191FC00ABB00058638 /* SwiftNotificationDemoTests */ = {
			isa = PBXGroup;
			children = (
				2FE7441A1FC00ABB00058638 /* SwiftNotificationDemoTests.swift */,
				2FE7441C1FC00ABB00058638 /* Info.plist */,
			);
			path = SwiftNotificationDemoTests;
			sourceTree = "<group>";
		};
		2FE744241FC00ABB00058638 /* SwiftNotificationDemoUITests */ = {
			isa = PBXGroup;
			children = (
				2FE744251FC00ABB00058638 /* SwiftNotificationDemoUITests.swift */,
				2FE744271FC00ABB00058638 /* Info.plist */,
			);
			path = SwiftNotificationDemoUITests;
			sourceTree = "<group>";
		};
/* End PBXGroup section */

/* Begin PBXNativeTarget section */
		2FE743FE1FC00ABB00058638 /* SwiftNotificationDemo */ = {
			isa = PBXNativeTarget;
			buildConfigurationList = 2FE7442A1FC00ABB00058638 /* Build configuration list for PBXNativeTarget "SwiftNotificationDemo" */;
			buildPhases = (
				2FE743FB1FC00ABB00058638 /* Sources */,
				2FE743FC1FC00ABB00058638 /* Frameworks */,
				2FE743FD1FC00ABB00058638 /* Resources */,
			);
			buildRules = (
			);
			dependencies = (
			);
			name = SwiftNotificationDemo;
			productName = SwiftNotificationDemo;
			productReference = 2FE743FF1FC00ABB00058638 /* SwiftNotificationDemo.app */;
			productType = "com.apple.product-type.application";
		};
		2FE744151FC00ABB00058638 /* SwiftNotificationDemoTests */ = {
			isa = PBXNativeTarget;
			buildConfigurationList = 2FE7442D1FC00ABB00058638 /* Build configuration list for PBXNativeTarget "SwiftNotificationDemoTests" */;
			buildPhases = (
				2FE744121FC00ABB00058638 /* Sources */,
				2FE744131FC00ABB00058638 /* Frameworks */,
				2FE744141FC00ABB00058638 /* Resources */,
			);
			buildRules = (
			);
			dependencies = (
				2FE744181FC00ABB00058638 /* PBXTargetDependency */,
			);
			name = SwiftNotificationDemoTests;
			productName = SwiftNotificationDemoTests;
			productReference = 2FE744161FC00ABB00058638 /* SwiftNotificationDemoTests.xctest */;
			productType = "com.apple.product-type.bundle.unit-test";
		};
		2FE744201FC00ABB00058638 /* SwiftNotificationDemoUITests */ = {
			isa = PBXNativeTarget;
			buildConfigurationList = 2FE744301FC00ABB00058638 /* Build configuration list for PBXNativeTarget "SwiftNotificationDemoUITests" */;
			buildPhases = (
				2FE7441D1FC00ABB00058638 /* Sources */,
				2FE7441E1FC00ABB00058638 /* Frameworks */,
				2FE7441F1FC00ABB00058638 /* Resources */,
			);
			buildRules = (
			);
			dependencies = (
				2FE744231FC00ABB00058638 /* PBXTargetDependency */,
			);
			name = SwiftNotificationDemoUITests;
			productName = SwiftNotificationDemoUITests;
			productReference = 2FE744211FC00ABB00058638 /* SwiftNotificationDemoUITests.xctest */;
			productType = "com.apple.product-type.bundle.ui-testing";
		};
/* End PBXNativeTarget section */

/* Begin PBXProject section */
		2FE743F71FC00ABB00058638 /* Project object */ = {
			isa = PBXProject;
			attributes = {
				LastSwiftUpdateCheck = 0910;
				LastUpgradeCheck = 0910;
				ORGANIZATIONNAME = "高鑫";
				TargetAttributes = {
					2FE743FE1FC00ABB00058638 = {
						CreatedOnToolsVersion = 9.1;
						ProvisioningStyle = Automatic;
					};
					2FE744151FC00ABB00058638 = {
						CreatedOnToolsVersion = 9.1;
						ProvisioningStyle = Automatic;
						TestTargetID = 2FE743FE1FC00ABB00058638;
					};
					2FE744201FC00ABB00058638 = {
						CreatedOnToolsVersion = 9.1;
						ProvisioningStyle = Automatic;
						TestTargetID = 2FE743FE1FC00ABB00058638;
					};
				};
			};
			buildConfigurationList = 2FE743FA1FC00ABB00058638 /* Build configuration list for PBXProject "SwiftNotificationDemo" */;
			compatibilityVersion = "Xcode 8.0";
			developmentRegion = en;
			hasScannedForEncodings = 0;
			knownRegions = (
				en,
				Base,
			);
			mainGroup = 2FE743F61FC00ABB00058638;
			productRefGroup = 2FE744001FC00ABB00058638 /* Products */;
			projectDirPath = "";
			projectRoot = "";
			targets = (
				2FE743FE1FC00ABB00058638 /* SwiftNotificationDemo */,
				2FE744151FC00ABB00058638 /* SwiftNotificationDemoTests */,
				2FE744201FC00ABB00058638 /* SwiftNotificationDemoUITests */,
			);
		};
/* End PBXProject section */

/* Begin PBXResourcesBuildPhase section */
		2FE743FD1FC00ABB00058638 /* Resources */ = {
			isa = PBXResourcesBuildPhase;
			buildActionMask = 2147483647;
			files = (
				2FE744101FC00ABB00058638 /* LaunchScreen.storyboard in Resources */,
				2FE7440D1FC00ABB00058638 /* Assets.xcassets in Resources */,
				2FE744081FC00ABB00058638 /* Main.storyboard in Resources */,
			);
			runOnlyForDeploymentPostprocessing = 0;
		};
		2FE744141FC00ABB00058638 /* Resources */ = {
			isa = PBXResourcesBuildPhase;
			buildActionMask = 2147483647;
			files = (
			);
			runOnlyForDeploymentPostprocessing = 0;
		};
		2FE7441F1FC00ABB00058638 /* Resources */ = {
			isa = PBXResourcesBuildPhase;
			buildActionMask = 2147483647;
			files = (
			);
			runOnlyForDeploymentPostprocessing = 0;
		};
/* End PBXResourcesBuildPhase section */

/* Begin PBXSourcesBuildPhase section */
		2FE743FB1FC00ABB00058638 /* Sources */ = {
			isa = PBXSourcesBuildPhase;
			buildActionMask = 2147483647;
			files = (
				2FE744051FC00ABB00058638 /* ViewController.swift in Sources */,
				2FE7440B1FC00ABB00058638 /* SwiftNotificationDemo.xcdatamodeld in Sources */,
				2FE744031FC00ABB00058638 /* AppDelegate.swift in Sources */,
			);
			runOnlyForDeploymentPostprocessing = 0;
		};
		2FE744121FC00ABB00058638 /* Sources */ = {
			isa = PBXSourcesBuildPhase;
			buildActionMask = 2147483647;
			files = (
				2FE7441B1FC00ABB00058638 /* SwiftNotificationDemoTests.swift in Sources */,
			);
			runOnlyForDeploymentPostprocessing = 0;
		};
		2FE7441D1FC00ABB00058638 /* Sources */ = {
			isa = PBXSourcesBuildPhase;
			buildActionMask = 2147483647;
			files = (
				2FE744261FC00ABB00058638 /* SwiftNotificationDemoUITests.swift in Sources */,
			);
			runOnlyForDeploymentPostprocessing = 0;
		};
/* End PBXSourcesBuildPhase section */

/* Begin PBXTargetDependency section */
		2FE744181FC00ABB00058638 /* PBXTargetDependency */ = {
			isa = PBXTargetDependency;
			target = 2FE743FE1FC00ABB00058638 /* SwiftNotificationDemo */;
			targetProxy = 2FE744171FC00ABB00058638 /* PBXContainerItemProxy */;
		};
		2FE744231FC00ABB00058638 /* PBXTargetDependency */ = {
			isa = PBXTargetDependency;
			target = 2FE743FE1FC00ABB00058638 /* SwiftNotificationDemo */;
			targetProxy = 2FE744221FC00ABB00058638 /* PBXContainerItemProxy */;
		};
/* End PBXTargetDependency section */

/* Begin PBXVariantGroup section */
		2FE744061FC00ABB00058638 /* Main.storyboard */ = {
			isa = PBXVariantGroup;
			children = (
				2FE744071FC00ABB00058638 /* Base */,
			);
			name = Main.storyboard;
			sourceTree = "<group>";
		};
		2FE7440E1FC00ABB00058638 /* LaunchScreen.storyboard */ = {
			isa = PBXVariantGroup;
			children = (
				2FE7440F1FC00ABB00058638 /* Base */,
			);
			name = LaunchScreen.storyboard;
			sourceTree = "<group>";
		};
/* End PBXVariantGroup section */

/* Begin XCBuildConfiguration section */
		2FE744281FC00ABB00058638 /* Debug */ = {
			isa = XCBuildConfiguration;
			buildSettings = {
				ALWAYS_SEARCH_USER_PATHS = NO;
				CLANG_ANALYZER_NONNULL = YES;
				CLANG_ANALYZER_NUMBER_OBJECT_CONVERSION = YES_AGGRESSIVE;
				CLANG_CXX_LANGUAGE_STANDARD = "gnu++14";
				CLANG_CXX_LIBRARY = "libc++";
				CLANG_ENABLE_MODULES = YES;
				CLANG_ENABLE_OBJC_ARC = YES;
				CLANG_WARN_BLOCK_CAPTURE_AUTORELEASING = YES;
				CLANG_WARN_BOOL_CONVERSION = YES;
				CLANG_WARN_COMMA = YES;
				CLANG_WARN_CONSTANT_CONVERSION = YES;
				CLANG_WARN_DIRECT_OBJC_ISA_USAGE = YES_ERROR;
				CLANG_WARN_DOCUMENTATION_COMMENTS = YES;
				CLANG_WARN_EMPTY_BODY = YES;
				CLANG_WARN_ENUM_CONVERSION = YES;
				CLANG_WARN_INFINITE_RECURSION = YES;
				CLANG_WARN_INT_CONVERSION = YES;
				CLANG_WARN_NON_LITERAL_NULL_CONVERSION = YES;
				CLANG_WARN_OBJC_LITERAL_CONVERSION = YES;
				CLANG_WARN_OBJC_ROOT_CLASS = YES_ERROR;
				CLANG_WARN_RANGE_LOOP_ANALYSIS = YES;
				CLANG_WARN_STRICT_PROTOTYPES = YES;
				CLANG_WARN_SUSPICIOUS_MOVE = YES;
				CLANG_WARN_UNGUARDED_AVAILABILITY = YES_AGGRESSIVE;
				CLANG_WARN_UNREACHABLE_CODE = YES;
				CLANG_WARN__DUPLICATE_METHOD_MATCH = YES;
				CODE_SIGN_IDENTITY = "iPhone Developer";
				COPY_PHASE_STRIP = NO;
				DEBUG_INFORMATION_FORMAT = dwarf;
				ENABLE_STRICT_OBJC_MSGSEND = YES;
				ENABLE_TESTABILITY = YES;
				GCC_C_LANGUAGE_STANDARD = gnu11;
				GCC_DYNAMIC_NO_PIC = NO;
				GCC_NO_COMMON_BLOCKS = YES;
				GCC_OPTIMIZATION_LEVEL = 0;
				GCC_PREPROCESSOR_DEFINITIONS = (
					"DEBUG=1",
					"$(inherited)",
				);
				GCC_WARN_64_TO_32_BIT_CONVERSION = YES;
				GCC_WARN_ABOUT_RETURN_TYPE = YES_ERROR;
				GCC_WARN_UNDECLARED_SELECTOR = YES;
				GCC_WARN_UNINITIALIZED_AUTOS = YES_AGGRESSIVE;
				GCC_WARN_UNUSED_FUNCTION = YES;
				GCC_WARN_UNUSED_VARIABLE = YES;
				IPHONEOS_DEPLOYMENT_TARGET = 11.1;
				MTL_ENABLE_DEBUG_INFO = YES;
				ONLY_ACTIVE_ARCH = YES;
				SDKROOT = iphoneos;
				SWIFT_ACTIVE_COMPILATION_CONDITIONS = DEBUG;
				SWIFT_OPTIMIZATION_LEVEL = "-Onone";
			};
			name = Debug;
		};
		2FE744291FC00ABB00058638 /* Release */ = {
			isa = XCBuildConfiguration;
			buildSettings = {
				ALWAYS_SEARCH_USER_PATHS = NO;
				CLANG_ANALYZER_NONNULL = YES;
				CLANG_ANALYZER_NUMBER_OBJECT_CONVERSION = YES_AGGRESSIVE;
				CLANG_CXX_LANGUAGE_STANDARD = "gnu++14";
				CLANG_CXX_LIBRARY = "libc++";
				CLANG_ENABLE_MODULES = YES;
				CLANG_ENABLE_OBJC_ARC = YES;
				CLANG_WARN_BLOCK_CAPTURE_AUTORELEASING = YES;
				CLANG_WARN_BOOL_CONVERSION = YES;
				CLANG_WARN_COMMA = YES;
				CLANG_WARN_CONSTANT_CONVERSION = YES;
				CLANG_WARN_DIRECT_OBJC_ISA_USAGE = YES_ERROR;
				CLANG_WARN_DOCUMENTATION_COMMENTS = YES;
				CLANG_WARN_EMPTY_BODY = YES;
				CLANG_WARN_ENUM_CONVERSION = YES;
				CLANG_WARN_INFINITE_RECURSION = YES;
				CLANG_WARN_INT_CONVERSION = YES;
				CLANG_WARN_NON_LITERAL_NULL_CONVERSION = YES;
				CLANG_WARN_OBJC_LITERAL_CONVERSION = YES;
				CLANG_WARN_OBJC_ROOT_CLASS = YES_ERROR;
				CLANG_WARN_RANGE_LOOP_ANALYSIS = YES;
				CLANG_WARN_STRICT_PROTOTYPES = YES;
				CLANG_WARN_SUSPICIOUS_MOVE = YES;
				CLANG_WARN_UNGUARDED_AVAILABILITY = YES_AGGRESSIVE;
				CLANG_WARN_UNREACHABLE_CODE = YES;
				CLANG_WARN__DUPLICATE_METHOD_MATCH = YES;
				CODE_SIGN_IDENTITY = "iPhone Developer";
				COPY_PHASE_STRIP = NO;
				DEBUG_INFORMATION_FORMAT = "dwarf-with-dsym";
				ENABLE_NS_ASSERTIONS = NO;
				ENABLE_STRICT_OBJC_MSGSEND = YES;
				GCC_C_LANGUAGE_STANDARD = gnu11;
				GCC_NO_COMMON_BLOCKS = YES;
				GCC_WARN_64_TO_32_BIT_CONVERSION = YES;
				GCC_WARN_ABOUT_RETURN_TYPE = YES_ERROR;
				GCC_WARN_UNDECLARED_SELECTOR = YES;
				GCC_WARN_UNINITIALIZED_AUTOS = YES_AGGRESSIVE;
				GCC_WARN_UNUSED_FUNCTION = YES;
				GCC_WARN_UNUSED_VARIABLE = YES;
				IPHONEOS_DEPLOYMENT_TARGET = 11.1;
				MTL_ENABLE_DEBUG_INFO = NO;
				SDKROOT = iphoneos;
				SWIFT_OPTIMIZATION_LEVEL = "-Owholemodule";
				VALIDATE_PRODUCT = YES;
			};
			name = Release;
		};
		2FE7442B1FC00ABB00058638 /* Debug */ = {
			isa = XCBuildConfiguration;
			buildSettings = {
				ASSETCATALOG_COMPILER_APPICON_NAME = AppIcon;
				CODE_SIGN_STYLE = Automatic;
				DEVELOPMENT_TEAM = NU44639NV3;
				INFOPLIST_FILE = SwiftNotificationDemo/Info.plist;
				LD_RUNPATH_SEARCH_PATHS = "$(inherited) @executable_path/Frameworks";
				PRODUCT_BUNDLE_IDENTIFIER = com.LicaGao.SwiftNotificationDemo;
				PRODUCT_NAME = "$(TARGET_NAME)";
				SWIFT_VERSION = 4.0;
				TARGETED_DEVICE_FAMILY = "1,2";
			};
			name = Debug;
		};
		2FE7442C1FC00ABB00058638 /* Release */ = {
			isa = XCBuildConfiguration;
			buildSettings = {
				ASSETCATALOG_COMPILER_APPICON_NAME = AppIcon;
				CODE_SIGN_STYLE = Automatic;
				DEVELOPMENT_TEAM = NU44639NV3;
				INFOPLIST_FILE = SwiftNotificationDemo/Info.plist;
				LD_RUNPATH_SEARCH_PATHS = "$(inherited) @executable_path/Frameworks";
				PRODUCT_BUNDLE_IDENTIFIER = com.LicaGao.SwiftNotificationDemo;
				PRODUCT_NAME = "$(TARGET_NAME)";
				SWIFT_VERSION = 4.0;
				TARGETED_DEVICE_FAMILY = "1,2";
			};
			name = Release;
		};
		2FE7442E1FC00ABB00058638 /* Debug */ = {
			isa = XCBuildConfiguration;
			buildSettings = {
				ALWAYS_EMBED_SWIFT_STANDARD_LIBRARIES = YES;
				BUNDLE_LOADER = "$(TEST_HOST)";
				CODE_SIGN_STYLE = Automatic;
				DEVELOPMENT_TEAM = NU44639NV3;
				INFOPLIST_FILE = SwiftNotificationDemoTests/Info.plist;
				LD_RUNPATH_SEARCH_PATHS = "$(inherited) @executable_path/Frameworks @loader_path/Frameworks";
				PRODUCT_BUNDLE_IDENTIFIER = com.LicaGao.SwiftNotificationDemoTests;
				PRODUCT_NAME = "$(TARGET_NAME)";
				SWIFT_VERSION = 4.0;
				TARGETED_DEVICE_FAMILY = "1,2";
				TEST_HOST = "$(BUILT_PRODUCTS_DIR)/SwiftNotificationDemo.app/SwiftNotificationDemo";
			};
			name = Debug;
		};
		2FE7442F1FC00ABB00058638 /* Release */ = {
			isa = XCBuildConfiguration;
			buildSettings = {
				ALWAYS_EMBED_SWIFT_STANDARD_LIBRARIES = YES;
				BUNDLE_LOADER = "$(TEST_HOST)";
				CODE_SIGN_STYLE = Automatic;
				DEVELOPMENT_TEAM = NU44639NV3;
				INFOPLIST_FILE = SwiftNotificationDemoTests/Info.plist;
				LD_RUNPATH_SEARCH_PATHS = "$(inherited) @executable_path/Frameworks @loader_path/Frameworks";
				PRODUCT_BUNDLE_IDENTIFIER = com.LicaGao.SwiftNotificationDemoTests;
				PRODUCT_NAME = "$(TARGET_NAME)";
				SWIFT_VERSION = 4.0;
				TARGETED_DEVICE_FAMILY = "1,2";
				TEST_HOST = "$(BUILT_PRODUCTS_DIR)/SwiftNotificationDemo.app/SwiftNotificationDemo";
			};
			name = Release;
		};
		2FE744311FC00ABB00058638 /* Debug */ = {
			isa = XCBuildConfiguration;
			buildSettings = {
				ALWAYS_EMBED_SWIFT_STANDARD_LIBRARIES = YES;
				CODE_SIGN_STYLE = Automatic;
				DEVELOPMENT_TEAM = NU44639NV3;
				INFOPLIST_FILE = SwiftNotificationDemoUITests/Info.plist;
				LD_RUNPATH_SEARCH_PATHS = "$(inherited) @executable_path/Frameworks @loader_path/Frameworks";
				PRODUCT_BUNDLE_IDENTIFIER = com.LicaGao.SwiftNotificationDemoUITests;
				PRODUCT_NAME = "$(TARGET_NAME)";
				SWIFT_VERSION = 4.0;
				TARGETED_DEVICE_FAMILY = "1,2";
				TEST_TARGET_NAME = SwiftNotificationDemo;
			};
			name = Debug;
		};
		2FE744321FC00ABB00058638 /* Release */ = {
			isa = XCBuildConfiguration;
			buildSettings = {
				ALWAYS_EMBED_SWIFT_STANDARD_LIBRARIES = YES;
				CODE_SIGN_STYLE = Automatic;
				DEVELOPMENT_TEAM = NU44639NV3;
				INFOPLIST_FILE = SwiftNotificationDemoUITests/Info.plist;
				LD_RUNPATH_SEARCH_PATHS = "$(inherited) @executable_path/Frameworks @loader_path/Frameworks";
				PRODUCT_BUNDLE_IDENTIFIER = com.LicaGao.SwiftNotificationDemoUITests;
				PRODUCT_NAME = "$(TARGET_NAME)";
				SWIFT_VERSION = 4.0;
				TARGETED_DEVICE_FAMILY = "1,2";
				TEST_TARGET_NAME = SwiftNotificationDemo;
			};
			name = Release;
		};
/* End XCBuildConfiguration section */

/* Begin XCConfigurationList section */
		2FE743FA1FC00ABB00058638 /* Build configuration list for PBXProject "SwiftNotificationDemo" */ = {
			isa = XCConfigurationList;
			buildConfigurations = (
				2FE744281FC00ABB00058638 /* Debug */,
				2FE744291FC00ABB00058638 /* Release */,
			);
			defaultConfigurationIsVisible = 0;
			defaultConfigurationName = Release;
		};
		2FE7442A1FC00ABB00058638 /* Build configuration list for PBXNativeTarget "SwiftNotificationDemo" */ = {
			isa = XCConfigurationList;
			buildConfigurations = (
				2FE7442B1FC00ABB00058638 /* Debug */,
				2FE7442C1FC00ABB00058638 /* Release */,
			);
			defaultConfigurationIsVisible = 0;
			defaultConfigurationName = Release;
		};
		2FE7442D1FC00ABB00058638 /* Build configuration list for PBXNativeTarget "SwiftNotificationDemoTests" */ = {
			isa = XCConfigurationList;
			buildConfigurations = (
				2FE7442E1FC00ABB00058638 /* Debug */,
				2FE7442F1FC00ABB00058638 /* Release */,
			);
			defaultConfigurationIsVisible = 0;
			defaultConfigurationName = Release;
		};
		2FE744301FC00ABB00058638 /* Build configuration list for PBXNativeTarget "SwiftNotificationDemoUITests" */ = {
			isa = XCConfigurationList;
			buildConfigurations = (
				2FE744311FC00ABB00058638 /* Debug */,
				2FE744321FC00ABB00058638 /* Release */,
			);
			defaultConfigurationIsVisible = 0;
			defaultConfigurationName = Release;
		};
/* End XCConfigurationList section */

/* Begin XCVersionGroup section */
		2FE744091FC00ABB00058638 /* SwiftNotificationDemo.xcdatamodeld */ = {
			isa = XCVersionGroup;
			children = (
				2FE7440A1FC00ABB00058638 /* SwiftNotificationDemo.xcdatamodel */,
			);
			currentVersion = 2FE7440A1FC00ABB00058638 /* SwiftNotificationDemo.xcdatamodel */;
			path = SwiftNotificationDemo.xcdatamodeld;
			sourceTree = "<group>";
			versionGroupType = wrapper.xcdatamodel;
		};
/* End XCVersionGroup section */
	};
	rootObject = 2FE743F71FC00ABB00058638 /* Project object */;
}
